# This file is automatically @generated by Poetry 1.6.1 and should not be changed by hand.

[[package]]
name = "aiofile"
version = "3.8.8"
description = "Asynchronous file operations."
optional = false
python-versions = ">=3.7, <4"
files = [
    {file = "aiofile-3.8.8-py3-none-any.whl", hash = "sha256:41e8845cce055779cd77713d949a339deb012eab605b857765e8f8e52a5ed811"},
    {file = "aiofile-3.8.8.tar.gz", hash = "sha256:41f3dc40bd730459d58610476e82e5efb2f84ae6e9fa088a9545385d838b8a43"},
]

[package.dependencies]
caio = ">=0.9.0,<0.10.0"

[package.extras]
develop = ["aiomisc-pytest", "coveralls", "pytest", "pytest-cov", "pytest-rst"]

[[package]]
name = "aiofiles"
version = "23.2.1"
description = "File support for asyncio."
optional = false
python-versions = ">=3.7"
files = [
    {file = "aiofiles-23.2.1-py3-none-any.whl", hash = "sha256:19297512c647d4b27a2cf7c34caa7e405c0d60b5560618a29a9fe027b18b0107"},
    {file = "aiofiles-23.2.1.tar.gz", hash = "sha256:84ec2218d8419404abcb9f0c02df3f34c6e0a68ed41072acfb1cef5cbc29051a"},
]

[[package]]
name = "aiopath"
version = "0.7.5"
description = "📁 Async pathlib for Python"
optional = false
python-versions = ">=3.12"
files = [
    {file = "aiopath-0.7.5-py2.py3-none-any.whl", hash = "sha256:9675150599bffec4ff8fd0b04a08075076a34838c7abb64831fae5563ea07775"},
    {file = "aiopath-0.7.5.tar.gz", hash = "sha256:11afb8c2d56616c28e565e4d416627b67d3423f989f62fcd6c958bfe6dd23e6a"},
]

[package.dependencies]
aiofile = ">=3.8.8,<4"
anyio = ">=4.0.0,<5"

[[package]]
name = "anyio"
version = "4.0.0"
description = "High level compatibility layer for multiple asynchronous event loop implementations"
optional = false
python-versions = ">=3.8"
files = [
    {file = "anyio-4.0.0-py3-none-any.whl", hash = "sha256:cfdb2b588b9fc25ede96d8db56ed50848b0b649dca3dd1df0b11f683bb9e0b5f"},
    {file = "anyio-4.0.0.tar.gz", hash = "sha256:f7ed51751b2c2add651e5747c891b47e26d2a21be5d32d9311dfe9692f3e5d7a"},
]

[package.dependencies]
idna = ">=2.8"
sniffio = ">=1.1"

[package.extras]
doc = ["Sphinx (>=7)", "packaging", "sphinx-autodoc-typehints (>=1.2.0)"]
test = ["anyio[trio]", "coverage[toml] (>=7)", "hypothesis (>=4.0)", "psutil (>=5.9)", "pytest (>=7.0)", "pytest-mock (>=3.6.1)", "trustme", "uvloop (>=0.17)"]
trio = ["trio (>=0.22)"]

[[package]]
name = "black"
version = "23.9.1"
description = "The uncompromising code formatter."
optional = false
python-versions = ">=3.8"
files = [
    {file = "black-23.9.1-cp310-cp310-macosx_10_16_arm64.whl", hash = "sha256:d6bc09188020c9ac2555a498949401ab35bb6bf76d4e0f8ee251694664df6301"},
    {file = "black-23.9.1-cp310-cp310-macosx_10_16_universal2.whl", hash = "sha256:13ef033794029b85dfea8032c9d3b92b42b526f1ff4bf13b2182ce4e917f5100"},
    {file = "black-23.9.1-cp310-cp310-macosx_10_16_x86_64.whl", hash = "sha256:75a2dc41b183d4872d3a500d2b9c9016e67ed95738a3624f4751a0cb4818fe71"},
    {file = "black-23.9.1-cp310-cp310-manylinux_2_17_x86_64.manylinux2014_x86_64.whl", hash = "sha256:13a2e4a93bb8ca74a749b6974925c27219bb3df4d42fc45e948a5d9feb5122b7"},
    {file = "black-23.9.1-cp310-cp310-win_amd64.whl", hash = "sha256:adc3e4442eef57f99b5590b245a328aad19c99552e0bdc7f0b04db6656debd80"},
    {file = "black-23.9.1-cp311-cp311-macosx_10_16_arm64.whl", hash = "sha256:8431445bf62d2a914b541da7ab3e2b4f3bc052d2ccbf157ebad18ea126efb91f"},
    {file = "black-23.9.1-cp311-cp311-macosx_10_16_universal2.whl", hash = "sha256:8fc1ddcf83f996247505db6b715294eba56ea9372e107fd54963c7553f2b6dfe"},
    {file = "black-23.9.1-cp311-cp311-macosx_10_16_x86_64.whl", hash = "sha256:7d30ec46de88091e4316b17ae58bbbfc12b2de05e069030f6b747dfc649ad186"},
    {file = "black-23.9.1-cp311-cp311-manylinux_2_17_x86_64.manylinux2014_x86_64.whl", hash = "sha256:031e8c69f3d3b09e1aa471a926a1eeb0b9071f80b17689a655f7885ac9325a6f"},
    {file = "black-23.9.1-cp311-cp311-win_amd64.whl", hash = "sha256:538efb451cd50f43aba394e9ec7ad55a37598faae3348d723b59ea8e91616300"},
    {file = "black-23.9.1-cp38-cp38-macosx_10_16_arm64.whl", hash = "sha256:638619a559280de0c2aa4d76f504891c9860bb8fa214267358f0a20f27c12948"},
    {file = "black-23.9.1-cp38-cp38-macosx_10_16_universal2.whl", hash = "sha256:a732b82747235e0542c03bf352c126052c0fbc458d8a239a94701175b17d4855"},
    {file = "black-23.9.1-cp38-cp38-macosx_10_16_x86_64.whl", hash = "sha256:cf3a4d00e4cdb6734b64bf23cd4341421e8953615cba6b3670453737a72ec204"},
    {file = "black-23.9.1-cp38-cp38-manylinux_2_17_x86_64.manylinux2014_x86_64.whl", hash = "sha256:cf99f3de8b3273a8317681d8194ea222f10e0133a24a7548c73ce44ea1679377"},
    {file = "black-23.9.1-cp38-cp38-win_amd64.whl", hash = "sha256:14f04c990259576acd093871e7e9b14918eb28f1866f91968ff5524293f9c573"},
    {file = "black-23.9.1-cp39-cp39-macosx_10_16_arm64.whl", hash = "sha256:c619f063c2d68f19b2d7270f4cf3192cb81c9ec5bc5ba02df91471d0b88c4c5c"},
    {file = "black-23.9.1-cp39-cp39-macosx_10_16_universal2.whl", hash = "sha256:6a3b50e4b93f43b34a9d3ef00d9b6728b4a722c997c99ab09102fd5efdb88325"},
    {file = "black-23.9.1-cp39-cp39-macosx_10_16_x86_64.whl", hash = "sha256:c46767e8df1b7beefb0899c4a95fb43058fa8500b6db144f4ff3ca38eb2f6393"},
    {file = "black-23.9.1-cp39-cp39-manylinux_2_17_x86_64.manylinux2014_x86_64.whl", hash = "sha256:50254ebfa56aa46a9fdd5d651f9637485068a1adf42270148cd101cdf56e0ad9"},
    {file = "black-23.9.1-cp39-cp39-win_amd64.whl", hash = "sha256:403397c033adbc45c2bd41747da1f7fc7eaa44efbee256b53842470d4ac5a70f"},
    {file = "black-23.9.1-py3-none-any.whl", hash = "sha256:6ccd59584cc834b6d127628713e4b6b968e5f79572da66284532525a042549f9"},
    {file = "black-23.9.1.tar.gz", hash = "sha256:24b6b3ff5c6d9ea08a8888f6977eae858e1f340d7260cf56d70a49823236b62d"},
]

[package.dependencies]
click = ">=8.0.0"
mypy-extensions = ">=0.4.3"
packaging = ">=22.0"
pathspec = ">=0.9.0"
platformdirs = ">=2"

[package.extras]
colorama = ["colorama (>=0.4.3)"]
d = ["aiohttp (>=3.7.4)"]
jupyter = ["ipython (>=7.8.0)", "tokenize-rt (>=3.2.0)"]
uvloop = ["uvloop (>=0.15.2)"]

[[package]]
name = "caio"
version = "0.9.13"
description = "Asynchronous file IO for Linux MacOS or Windows."
optional = false
python-versions = ">=3.7, <4"
files = [
    {file = "caio-0.9.13-cp310-cp310-macosx_10_9_universal2.whl", hash = "sha256:a921c0514ea2bb161d9d9c4940d409a2431cc6bab89abbf20fb16fdc6964f650"},
    {file = "caio-0.9.13-cp310-cp310-macosx_11_0_x86_64.whl", hash = "sha256:0a04bcac15b0c18057ec57dd9666c4d5c1058958a8db5191b46a1e54931c4a6e"},
    {file = "caio-0.9.13-cp310-cp310-manylinux_2_12_x86_64.manylinux2010_x86_64.manylinux_2_17_x86_64.manylinux2014_x86_64.whl", hash = "sha256:18307046421f4a8cac85c3d84aa941ab283fbbf0e57f0e5f81a306a057668f43"},
    {file = "caio-0.9.13-cp311-cp311-macosx_10_9_universal2.whl", hash = "sha256:789f8b55f4a2b46be14361df3ac8d14b6c8f0a3730badd70cb1b7778fcdc7039"},
    {file = "caio-0.9.13-cp311-cp311-manylinux_2_12_x86_64.manylinux2010_x86_64.manylinux_2_17_x86_64.manylinux2014_x86_64.whl", hash = "sha256:a914684bad2a757cf013ae88d785d81659a3add1885bad60cd20bfbd3068bd5a"},
    {file = "caio-0.9.13-cp37-cp37m-macosx_10_9_x86_64.whl", hash = "sha256:a6577cec932011db441a87bb35051a0ae8c6f970ea1af165cef3106746ae9a52"},
    {file = "caio-0.9.13-cp37-cp37m-macosx_11_0_x86_64.whl", hash = "sha256:e13c1b882f1c16bc15441d4cfe3e7e6b58b66cb5cf07a0ce46103ff9d0c1d16b"},
    {file = "caio-0.9.13-cp37-cp37m-manylinux_2_12_x86_64.manylinux2010_x86_64.manylinux_2_17_x86_64.manylinux2014_x86_64.whl", hash = "sha256:114d6c158dc592849532fd0992cbfb85430f4f6e48323a3990c39e4741f81a25"},
    {file = "caio-0.9.13-cp38-cp38-macosx_11_0_universal2.whl", hash = "sha256:9c5f115c6b5e032f00f35d5da69f27322272b1cb8d51a21da1c2444bd1926beb"},
    {file = "caio-0.9.13-cp38-cp38-macosx_11_0_x86_64.whl", hash = "sha256:48f2c32f67923c728f4b79e03e4a0fc8dc175aa079a1e301773ab7d6baaa571f"},
    {file = "caio-0.9.13-cp38-cp38-manylinux_2_12_x86_64.manylinux2010_x86_64.manylinux_2_17_x86_64.manylinux2014_x86_64.whl", hash = "sha256:9b7b6eafa11a446dced3cd10342140e618acb548b513aaf3a1fa4c86451d3856"},
    {file = "caio-0.9.13-cp39-cp39-macosx_10_9_universal2.whl", hash = "sha256:b1e4252b783ad25f15eeff6e412f7e9ec9409e7b4a81fd2893dc1ce1819385ff"},
    {file = "caio-0.9.13-cp39-cp39-macosx_11_0_x86_64.whl", hash = "sha256:a07c9933543d18f98525f34a786700134403f13050a5bd22a642629e2ab410d4"},
    {file = "caio-0.9.13-cp39-cp39-manylinux_2_12_x86_64.manylinux2010_x86_64.manylinux_2_17_x86_64.manylinux2014_x86_64.whl", hash = "sha256:a090ab82f21b310b56fa6afe04b3be92a0d1577a2e57127b61426c9dd6df34be"},
    {file = "caio-0.9.13-py3-none-any.whl", hash = "sha256:582cbfc6e203d1dedf662ba972a94db6e744fe0b6bb9e02922b0f86803006fc9"},
    {file = "caio-0.9.13.tar.gz", hash = "sha256:26f1e08a442bef4526a66142ea4e325e22dca8f040800aecb3caf8fae0589e98"},
]

[package.extras]
develop = ["aiomisc-pytest", "pytest", "pytest-cov"]

[[package]]
name = "click"
version = "8.1.3"
description = "Composable command line interface toolkit"
optional = false
python-versions = ">=3.7"
files = [
    {file = "click-8.1.3-py3-none-any.whl", hash = "sha256:bb4d8133cb15a609f44e8213d9b391b0809795062913b383c62be0ee95b1db48"},
    {file = "click-8.1.3.tar.gz", hash = "sha256:7682dc8afb30297001674575ea00d1814d808d6a36af415a82bd481d37ba7b8e"},
]

[package.dependencies]
colorama = {version = "*", markers = "platform_system == \"Windows\""}

[[package]]
name = "colorama"
version = "0.4.6"
description = "Cross-platform colored terminal text."
optional = false
python-versions = "!=3.0.*,!=3.1.*,!=3.2.*,!=3.3.*,!=3.4.*,!=3.5.*,!=3.6.*,>=2.7"
files = [
    {file = "colorama-0.4.6-py2.py3-none-any.whl", hash = "sha256:4f1d9991f5acc0ca119f9d443620b77f9d6b33703e51011c16baf57afb285fc6"},
    {file = "colorama-0.4.6.tar.gz", hash = "sha256:08695f5cb7ed6e0531a20572697297273c47b8cae5a63ffc6d6ed5c201be6e44"},
]

[[package]]
name = "idna"
version = "3.4"
description = "Internationalized Domain Names in Applications (IDNA)"
optional = false
python-versions = ">=3.5"
files = [
    {file = "idna-3.4-py3-none-any.whl", hash = "sha256:90b77e79eaa3eba6de819a0c442c0b4ceefc341a7a2ab77d7562bf49f425c5c2"},
    {file = "idna-3.4.tar.gz", hash = "sha256:814f528e8dead7d329833b91c5faa87d60bf71824cd12a7530b5526063d02cb4"},
]

[[package]]
name = "iniconfig"
version = "2.0.0"
description = "brain-dead simple config-ini parsing"
optional = false
python-versions = ">=3.7"
files = [
    {file = "iniconfig-2.0.0-py3-none-any.whl", hash = "sha256:b6a85871a79d2e3b22d2d1b94ac2824226a63c6b741c88f7ae975f18b6778374"},
    {file = "iniconfig-2.0.0.tar.gz", hash = "sha256:2d91e135bf72d31a410b17c16da610a82cb55f6b0477d1a902134b24a455b8b3"},
]

[[package]]
name = "markdown-it-py"
version = "3.0.0"
description = "Python port of markdown-it. Markdown parsing, done right!"
optional = false
python-versions = ">=3.8"
files = [
    {file = "markdown-it-py-3.0.0.tar.gz", hash = "sha256:e3f60a94fa066dc52ec76661e37c851cb232d92f9886b15cb560aaada2df8feb"},
    {file = "markdown_it_py-3.0.0-py3-none-any.whl", hash = "sha256:355216845c60bd96232cd8d8c40e8f9765cc86f46880e43a8fd22dc1a1a8cab1"},
]

[package.dependencies]
mdurl = ">=0.1,<1.0"

[package.extras]
benchmarking = ["psutil", "pytest", "pytest-benchmark"]
code-style = ["pre-commit (>=3.0,<4.0)"]
compare = ["commonmark (>=0.9,<1.0)", "markdown (>=3.4,<4.0)", "mistletoe (>=1.0,<2.0)", "mistune (>=2.0,<3.0)", "panflute (>=2.3,<3.0)"]
linkify = ["linkify-it-py (>=1,<3)"]
plugins = ["mdit-py-plugins"]
profiling = ["gprof2dot"]
rtd = ["jupyter_sphinx", "mdit-py-plugins", "myst-parser", "pyyaml", "sphinx", "sphinx-copybutton", "sphinx-design", "sphinx_book_theme"]
testing = ["coverage", "pytest", "pytest-cov", "pytest-regressions"]

[[package]]
name = "mdurl"
version = "0.1.2"
description = "Markdown URL utilities"
optional = false
python-versions = ">=3.7"
files = [
    {file = "mdurl-0.1.2-py3-none-any.whl", hash = "sha256:84008a41e51615a49fc9966191ff91509e3c40b939176e643fd50a5c2196b8f8"},
    {file = "mdurl-0.1.2.tar.gz", hash = "sha256:bb413d29f5eea38f31dd4754dd7377d4465116fb207585f97bf925588687c1ba"},
]

[[package]]
name = "mypy-extensions"
version = "1.0.0"
description = "Type system extensions for programs checked with the mypy type checker."
optional = false
python-versions = ">=3.5"
files = [
    {file = "mypy_extensions-1.0.0-py3-none-any.whl", hash = "sha256:4392f6c0eb8a5668a69e23d168ffa70f0be9ccfd32b5cc2d26a34ae5b844552d"},
    {file = "mypy_extensions-1.0.0.tar.gz", hash = "sha256:75dbf8955dc00442a438fc4d0666508a9a97b6bd41aa2f0ffe9d2f2725af0782"},
]

[[package]]
name = "nodeenv"
version = "1.7.0"
description = "Node.js virtual environment builder"
optional = false
python-versions = ">=2.7,!=3.0.*,!=3.1.*,!=3.2.*,!=3.3.*,!=3.4.*,!=3.5.*,!=3.6.*"
files = [
    {file = "nodeenv-1.7.0-py2.py3-none-any.whl", hash = "sha256:27083a7b96a25f2f5e1d8cb4b6317ee8aeda3bdd121394e5ac54e498028a042e"},
    {file = "nodeenv-1.7.0.tar.gz", hash = "sha256:e0e7f7dfb85fc5394c6fe1e8fa98131a2473e04311a45afb6508f7cf1836fa2b"},
]

[package.dependencies]
setuptools = "*"

[[package]]
name = "packaging"
version = "23.0"
description = "Core utilities for Python packages"
optional = false
python-versions = ">=3.7"
files = [
    {file = "packaging-23.0-py3-none-any.whl", hash = "sha256:714ac14496c3e68c99c29b00845f7a2b85f3bb6f1078fd9f72fd20f0570002b2"},
    {file = "packaging-23.0.tar.gz", hash = "sha256:b6ad297f8907de0fa2fe1ccbd26fdaf387f5f47c7275fedf8cce89f99446cf97"},
]

[[package]]
name = "pathspec"
version = "0.11.0"
description = "Utility library for gitignore style pattern matching of file paths."
optional = false
python-versions = ">=3.7"
files = [
    {file = "pathspec-0.11.0-py3-none-any.whl", hash = "sha256:3a66eb970cbac598f9e5ccb5b2cf58930cd8e3ed86d393d541eaf2d8b1705229"},
    {file = "pathspec-0.11.0.tar.gz", hash = "sha256:64d338d4e0914e91c1792321e6907b5a593f1ab1851de7fc269557a21b30ebbc"},
]

[[package]]
name = "platformdirs"
version = "3.0.0"
description = "A small Python package for determining appropriate platform-specific dirs, e.g. a \"user data dir\"."
optional = false
python-versions = ">=3.7"
files = [
    {file = "platformdirs-3.0.0-py3-none-any.whl", hash = "sha256:b1d5eb14f221506f50d6604a561f4c5786d9e80355219694a1b244bcd96f4567"},
    {file = "platformdirs-3.0.0.tar.gz", hash = "sha256:8a1228abb1ef82d788f74139988b137e78692984ec7b08eaa6c65f1723af28f9"},
]

[package.extras]
docs = ["furo (>=2022.12.7)", "proselint (>=0.13)", "sphinx (>=6.1.3)", "sphinx-autodoc-typehints (>=1.22,!=1.23.4)"]
test = ["appdirs (==1.4.4)", "covdefaults (>=2.2.2)", "pytest (>=7.2.1)", "pytest-cov (>=4)", "pytest-mock (>=3.10)"]

[[package]]
name = "pluggy"
version = "1.0.0"
description = "plugin and hook calling mechanisms for python"
optional = false
python-versions = ">=3.6"
files = [
    {file = "pluggy-1.0.0-py2.py3-none-any.whl", hash = "sha256:74134bbf457f031a36d68416e1509f34bd5ccc019f0bcc952c7b909d06b37bd3"},
    {file = "pluggy-1.0.0.tar.gz", hash = "sha256:4224373bacce55f955a878bf9cfa763c1e360858e330072059e10bad68531159"},
]

[package.extras]
dev = ["pre-commit", "tox"]
testing = ["pytest", "pytest-benchmark"]

[[package]]
name = "pygments"
version = "2.16.1"
description = "Pygments is a syntax highlighting package written in Python."
optional = false
python-versions = ">=3.7"
files = [
    {file = "Pygments-2.16.1-py3-none-any.whl", hash = "sha256:13fc09fa63bc8d8671a6d247e1eb303c4b343eaee81d861f3404db2935653692"},
    {file = "Pygments-2.16.1.tar.gz", hash = "sha256:1daff0494820c69bc8941e407aa20f577374ee88364ee10a98fdbe0aece96e29"},
]

[package.extras]
plugins = ["importlib-metadata"]

[[package]]
name = "pyright"
version = "1.1.330.post0"
description = "Command line wrapper for pyright"
optional = false
python-versions = ">=3.7"
files = [
    {file = "pyright-1.1.330.post0-py3-none-any.whl", hash = "sha256:2e9e0878298685b66485b340a0aaa16342129eb03ff9ed0e3c1ab66b8bfbe914"},
    {file = "pyright-1.1.330.post0.tar.gz", hash = "sha256:8e5b09cc5d1cfa0bcbf8824b0316d21c43fe229da7cef0a09cd12fcf6cb3eedd"},
]

[package.dependencies]
nodeenv = ">=1.6.0"

[package.extras]
all = ["twine (>=3.4.1)"]
dev = ["twine (>=3.4.1)"]

[[package]]
name = "pytest"
version = "7.4.2"
description = "pytest: simple powerful testing with Python"
optional = false
python-versions = ">=3.7"
files = [
    {file = "pytest-7.4.2-py3-none-any.whl", hash = "sha256:1d881c6124e08ff0a1bb75ba3ec0bfd8b5354a01c194ddd5a0a870a48d99b002"},
    {file = "pytest-7.4.2.tar.gz", hash = "sha256:a766259cfab564a2ad52cb1aae1b881a75c3eb7e34ca3779697c23ed47c47069"},
]

[package.dependencies]
colorama = {version = "*", markers = "sys_platform == \"win32\""}
iniconfig = "*"
packaging = "*"
pluggy = ">=0.12,<2.0"

[package.extras]
testing = ["argcomplete", "attrs (>=19.2.0)", "hypothesis (>=3.56)", "mock", "nose", "pygments (>=2.7.2)", "requests", "setuptools", "xmlschema"]

[[package]]
name = "pytest-rerunfailures"
version = "11.1.2"
description = "pytest plugin to re-run tests to eliminate flaky failures"
optional = false
python-versions = ">=3.7"
files = [
    {file = "pytest-rerunfailures-11.1.2.tar.gz", hash = "sha256:55611661e873f1cafa384c82f08d07883954f4b76435f4b8a5b470c1954573de"},
    {file = "pytest_rerunfailures-11.1.2-py3-none-any.whl", hash = "sha256:d21fe2e46d9774f8ad95f1aa799544ae95cac3a223477af94aa985adfae92b7e"},
]

[package.dependencies]
packaging = ">=17.1"
pytest = ">=5.3"

[[package]]
name = "rich"
version = "13.6.0"
description = "Render rich text, tables, progress bars, syntax highlighting, markdown and more to the terminal"
optional = false
python-versions = ">=3.7.0"
files = [
    {file = "rich-13.6.0-py3-none-any.whl", hash = "sha256:2b38e2fe9ca72c9a00170a1a2d20c63c790d0e10ef1fe35eba76e1e7b1d7d245"},
    {file = "rich-13.6.0.tar.gz", hash = "sha256:5c14d22737e6d5084ef4771b62d5d4363165b403455a30a1c8ca39dc7b644bef"},
]

[package.dependencies]
markdown-it-py = ">=2.2.0"
pygments = ">=2.13.0,<3.0.0"

[package.extras]
jupyter = ["ipywidgets (>=7.5.1,<9)"]

[[package]]
name = "ruff"
version = "0.0.292"
description = "An extremely fast Python linter, written in Rust."
optional = false
python-versions = ">=3.7"
files = [
    {file = "ruff-0.0.292-py3-none-macosx_10_7_x86_64.whl", hash = "sha256:02f29db018c9d474270c704e6c6b13b18ed0ecac82761e4fcf0faa3728430c96"},
    {file = "ruff-0.0.292-py3-none-macosx_10_9_x86_64.macosx_11_0_arm64.macosx_10_9_universal2.whl", hash = "sha256:69654e564342f507edfa09ee6897883ca76e331d4bbc3676d8a8403838e9fade"},
    {file = "ruff-0.0.292-py3-none-manylinux_2_17_aarch64.manylinux2014_aarch64.whl", hash = "sha256:6c3c91859a9b845c33778f11902e7b26440d64b9d5110edd4e4fa1726c41e0a4"},
    {file = "ruff-0.0.292-py3-none-manylinux_2_17_armv7l.manylinux2014_armv7l.whl", hash = "sha256:f4476f1243af2d8c29da5f235c13dca52177117935e1f9393f9d90f9833f69e4"},
    {file = "ruff-0.0.292-py3-none-manylinux_2_17_i686.manylinux2014_i686.whl", hash = "sha256:be8eb50eaf8648070b8e58ece8e69c9322d34afe367eec4210fdee9a555e4ca7"},
    {file = "ruff-0.0.292-py3-none-manylinux_2_17_ppc64.manylinux2014_ppc64.whl", hash = "sha256:9889bac18a0c07018aac75ef6c1e6511d8411724d67cb879103b01758e110a81"},
    {file = "ruff-0.0.292-py3-none-manylinux_2_17_ppc64le.manylinux2014_ppc64le.whl", hash = "sha256:6bdfabd4334684a4418b99b3118793f2c13bb67bf1540a769d7816410402a205"},
    {file = "ruff-0.0.292-py3-none-manylinux_2_17_s390x.manylinux2014_s390x.whl", hash = "sha256:aa7c77c53bfcd75dbcd4d1f42d6cabf2485d2e1ee0678da850f08e1ab13081a8"},
    {file = "ruff-0.0.292-py3-none-manylinux_2_17_x86_64.manylinux2014_x86_64.whl", hash = "sha256:8e087b24d0d849c5c81516ec740bf4fd48bf363cfb104545464e0fca749b6af9"},
    {file = "ruff-0.0.292-py3-none-musllinux_1_2_aarch64.whl", hash = "sha256:f160b5ec26be32362d0774964e218f3fcf0a7da299f7e220ef45ae9e3e67101a"},
    {file = "ruff-0.0.292-py3-none-musllinux_1_2_armv7l.whl", hash = "sha256:ac153eee6dd4444501c4bb92bff866491d4bfb01ce26dd2fff7ca472c8df9ad0"},
    {file = "ruff-0.0.292-py3-none-musllinux_1_2_i686.whl", hash = "sha256:87616771e72820800b8faea82edd858324b29bb99a920d6aa3d3949dd3f88fb0"},
    {file = "ruff-0.0.292-py3-none-musllinux_1_2_x86_64.whl", hash = "sha256:b76deb3bdbea2ef97db286cf953488745dd6424c122d275f05836c53f62d4016"},
    {file = "ruff-0.0.292-py3-none-win32.whl", hash = "sha256:e854b05408f7a8033a027e4b1c7f9889563dd2aca545d13d06711e5c39c3d003"},
    {file = "ruff-0.0.292-py3-none-win_amd64.whl", hash = "sha256:f27282bedfd04d4c3492e5c3398360c9d86a295be00eccc63914438b4ac8a83c"},
    {file = "ruff-0.0.292-py3-none-win_arm64.whl", hash = "sha256:7f67a69c8f12fbc8daf6ae6d36705037bde315abf8b82b6e1f4c9e74eb750f68"},
    {file = "ruff-0.0.292.tar.gz", hash = "sha256:1093449e37dd1e9b813798f6ad70932b57cf614e5c2b5c51005bf67d55db33ac"},
]

[[package]]
name = "setuptools"
version = "67.2.0"
description = "Easily download, build, install, upgrade, and uninstall Python packages"
optional = false
python-versions = ">=3.7"
files = [
    {file = "setuptools-67.2.0-py3-none-any.whl", hash = "sha256:16ccf598aab3b506593c17378473978908a2734d7336755a8769b480906bec1c"},
    {file = "setuptools-67.2.0.tar.gz", hash = "sha256:b440ee5f7e607bb8c9de15259dba2583dd41a38879a7abc1d43a71c59524da48"},
]

[package.extras]
docs = ["furo", "jaraco.packaging (>=9)", "jaraco.tidelift (>=1.4)", "pygments-github-lexers (==0.0.5)", "rst.linker (>=1.9)", "sphinx (>=3.5)", "sphinx-favicon", "sphinx-hoverxref (<2)", "sphinx-inline-tabs", "sphinx-lint", "sphinx-notfound-page (==0.8.3)", "sphinx-reredirects", "sphinxcontrib-towncrier"]
testing = ["build[virtualenv]", "filelock (>=3.4.0)", "flake8 (<5)", "flake8-2020", "ini2toml[lite] (>=0.9)", "jaraco.envs (>=2.2)", "jaraco.path (>=3.2.0)", "pip (>=19.1)", "pip-run (>=8.8)", "pytest (>=6)", "pytest-black (>=0.3.7)", "pytest-checkdocs (>=2.4)", "pytest-cov", "pytest-enabler (>=1.3)", "pytest-flake8", "pytest-mypy (>=0.9.1)", "pytest-perf", "pytest-timeout", "pytest-xdist", "tomli-w (>=1.0.0)", "virtualenv (>=13.0.0)", "wheel"]
testing-integration = ["build[virtualenv]", "filelock (>=3.4.0)", "jaraco.envs (>=2.2)", "jaraco.path (>=3.2.0)", "pytest", "pytest-enabler", "pytest-xdist", "tomli", "virtualenv (>=13.0.0)", "wheel"]

[[package]]
name = "shellingham"
version = "1.5.3"
description = "Tool to Detect Surrounding Shell"
optional = false
python-versions = ">=3.7"
files = [
    {file = "shellingham-1.5.3-py2.py3-none-any.whl", hash = "sha256:419c6a164770c9c7cfcaeddfacb3d31ac7a8db0b0f3e9c1287679359734107e9"},
    {file = "shellingham-1.5.3.tar.gz", hash = "sha256:cb4a6fec583535bc6da17b647dd2330cf7ef30239e05d547d99ae3705fd0f7f8"},
]

[[package]]
name = "sniffio"
version = "1.3.0"
description = "Sniff out which async library your code is running under"
optional = false
python-versions = ">=3.7"
files = [
    {file = "sniffio-1.3.0-py3-none-any.whl", hash = "sha256:eecefdce1e5bbfb7ad2eeaabf7c1eeb404d7757c379bd1f7e5cce9d8bf425384"},
    {file = "sniffio-1.3.0.tar.gz", hash = "sha256:e60305c5e5d314f5389259b7f22aaa33d8f7dee49763119234af3755c55b9101"},
]

[[package]]
name = "typer"
version = "0.9.0"
description = "Typer, build great CLIs. Easy to code. Based on Python type hints."
optional = false
python-versions = ">=3.6"
files = [
    {file = "typer-0.9.0-py3-none-any.whl", hash = "sha256:5d96d986a21493606a358cae4461bd8cdf83cbf33a5aa950ae629ca3b51467ee"},
    {file = "typer-0.9.0.tar.gz", hash = "sha256:50922fd79aea2f4751a8e0408ff10d2662bd0c8bbfa84755a699f3bada2978b2"},
]

[package.dependencies]
click = ">=7.1.1,<9.0.0"
colorama = {version = ">=0.4.3,<0.5.0", optional = true, markers = "extra == \"all\""}
rich = {version = ">=10.11.0,<14.0.0", optional = true, markers = "extra == \"all\""}
shellingham = {version = ">=1.3.0,<2.0.0", optional = true, markers = "extra == \"all\""}
typing-extensions = ">=3.7.4.3"

[package.extras]
all = ["colorama (>=0.4.3,<0.5.0)", "rich (>=10.11.0,<14.0.0)", "shellingham (>=1.3.0,<2.0.0)"]
dev = ["autoflake (>=1.3.1,<2.0.0)", "flake8 (>=3.8.3,<4.0.0)", "pre-commit (>=2.17.0,<3.0.0)"]
doc = ["cairosvg (>=2.5.2,<3.0.0)", "mdx-include (>=1.4.1,<2.0.0)", "mkdocs (>=1.1.2,<2.0.0)", "mkdocs-material (>=8.1.4,<9.0.0)", "pillow (>=9.3.0,<10.0.0)"]
test = ["black (>=22.3.0,<23.0.0)", "coverage (>=6.2,<7.0)", "isort (>=5.0.6,<6.0.0)", "mypy (==0.910)", "pytest (>=4.4.0,<8.0.0)", "pytest-cov (>=2.10.0,<5.0.0)", "pytest-sugar (>=0.9.4,<0.10.0)", "pytest-xdist (>=1.32.0,<4.0.0)", "rich (>=10.11.0,<14.0.0)", "shellingham (>=1.3.0,<2.0.0)"]

[[package]]
name = "typing-extensions"
version = "4.8.0"
description = "Backported and Experimental Type Hints for Python 3.8+"
optional = false
python-versions = ">=3.8"
files = [
    {file = "typing_extensions-4.8.0-py3-none-any.whl", hash = "sha256:8f92fc8806f9a6b641eaa5318da32b44d401efaac0f6678c9bc448ba3605faa0"},
    {file = "typing_extensions-4.8.0.tar.gz", hash = "sha256:df8e4339e9cb77357558cbdbceca33c303714cf861d1eef15e1070055ae8b7ef"},
]

[[package]]
name = "watchfiles"
version = "0.21.0"
description = "Simple, modern and high performance file watching and code reload in python."
optional = false
python-versions = ">=3.8"
files = [
    {file = "watchfiles-0.21.0-cp310-cp310-macosx_10_7_x86_64.whl", hash = "sha256:27b4035013f1ea49c6c0b42d983133b136637a527e48c132d368eb19bf1ac6aa"},
    {file = "watchfiles-0.21.0-cp310-cp310-macosx_11_0_arm64.whl", hash = "sha256:c81818595eff6e92535ff32825f31c116f867f64ff8cdf6562cd1d6b2e1e8f3e"},
    {file = "watchfiles-0.21.0-cp310-cp310-manylinux_2_12_i686.manylinux2010_i686.whl", hash = "sha256:6c107ea3cf2bd07199d66f156e3ea756d1b84dfd43b542b2d870b77868c98c03"},
    {file = "watchfiles-0.21.0-cp310-cp310-manylinux_2_17_aarch64.manylinux2014_aarch64.whl", hash = "sha256:0d9ac347653ebd95839a7c607608703b20bc07e577e870d824fa4801bc1cb124"},
    {file = "watchfiles-0.21.0-cp310-cp310-manylinux_2_17_armv7l.manylinux2014_armv7l.whl", hash = "sha256:5eb86c6acb498208e7663ca22dbe68ca2cf42ab5bf1c776670a50919a56e64ab"},
    {file = "watchfiles-0.21.0-cp310-cp310-manylinux_2_17_ppc64le.manylinux2014_ppc64le.whl", hash = "sha256:f564bf68404144ea6b87a78a3f910cc8de216c6b12a4cf0b27718bf4ec38d303"},
    {file = "watchfiles-0.21.0-cp310-cp310-manylinux_2_17_s390x.manylinux2014_s390x.whl", hash = "sha256:3d0f32ebfaa9c6011f8454994f86108c2eb9c79b8b7de00b36d558cadcedaa3d"},
    {file = "watchfiles-0.21.0-cp310-cp310-manylinux_2_17_x86_64.manylinux2014_x86_64.whl", hash = "sha256:b6d45d9b699ecbac6c7bd8e0a2609767491540403610962968d258fd6405c17c"},
    {file = "watchfiles-0.21.0-cp310-cp310-musllinux_1_1_aarch64.whl", hash = "sha256:aff06b2cac3ef4616e26ba17a9c250c1fe9dd8a5d907d0193f84c499b1b6e6a9"},
    {file = "watchfiles-0.21.0-cp310-cp310-musllinux_1_1_x86_64.whl", hash = "sha256:d9792dff410f266051025ecfaa927078b94cc7478954b06796a9756ccc7e14a9"},
    {file = "watchfiles-0.21.0-cp310-none-win32.whl", hash = "sha256:214cee7f9e09150d4fb42e24919a1e74d8c9b8a9306ed1474ecaddcd5479c293"},
    {file = "watchfiles-0.21.0-cp310-none-win_amd64.whl", hash = "sha256:1ad7247d79f9f55bb25ab1778fd47f32d70cf36053941f07de0b7c4e96b5d235"},
    {file = "watchfiles-0.21.0-cp311-cp311-macosx_10_7_x86_64.whl", hash = "sha256:668c265d90de8ae914f860d3eeb164534ba2e836811f91fecc7050416ee70aa7"},
    {file = "watchfiles-0.21.0-cp311-cp311-macosx_11_0_arm64.whl", hash = "sha256:3a23092a992e61c3a6a70f350a56db7197242f3490da9c87b500f389b2d01eef"},
    {file = "watchfiles-0.21.0-cp311-cp311-manylinux_2_12_i686.manylinux2010_i686.whl", hash = "sha256:e7941bbcfdded9c26b0bf720cb7e6fd803d95a55d2c14b4bd1f6a2772230c586"},
    {file = "watchfiles-0.21.0-cp311-cp311-manylinux_2_17_aarch64.manylinux2014_aarch64.whl", hash = "sha256:11cd0c3100e2233e9c53106265da31d574355c288e15259c0d40a4405cbae317"},
    {file = "watchfiles-0.21.0-cp311-cp311-manylinux_2_17_armv7l.manylinux2014_armv7l.whl", hash = "sha256:d78f30cbe8b2ce770160d3c08cff01b2ae9306fe66ce899b73f0409dc1846c1b"},
    {file = "watchfiles-0.21.0-cp311-cp311-manylinux_2_17_ppc64le.manylinux2014_ppc64le.whl", hash = "sha256:6674b00b9756b0af620aa2a3346b01f8e2a3dc729d25617e1b89cf6af4a54eb1"},
    {file = "watchfiles-0.21.0-cp311-cp311-manylinux_2_17_s390x.manylinux2014_s390x.whl", hash = "sha256:fd7ac678b92b29ba630d8c842d8ad6c555abda1b9ef044d6cc092dacbfc9719d"},
    {file = "watchfiles-0.21.0-cp311-cp311-manylinux_2_17_x86_64.manylinux2014_x86_64.whl", hash = "sha256:9c873345680c1b87f1e09e0eaf8cf6c891b9851d8b4d3645e7efe2ec20a20cc7"},
    {file = "watchfiles-0.21.0-cp311-cp311-musllinux_1_1_aarch64.whl", hash = "sha256:49f56e6ecc2503e7dbe233fa328b2be1a7797d31548e7a193237dcdf1ad0eee0"},
    {file = "watchfiles-0.21.0-cp311-cp311-musllinux_1_1_x86_64.whl", hash = "sha256:02d91cbac553a3ad141db016e3350b03184deaafeba09b9d6439826ee594b365"},
    {file = "watchfiles-0.21.0-cp311-none-win32.whl", hash = "sha256:ebe684d7d26239e23d102a2bad2a358dedf18e462e8808778703427d1f584400"},
    {file = "watchfiles-0.21.0-cp311-none-win_amd64.whl", hash = "sha256:4566006aa44cb0d21b8ab53baf4b9c667a0ed23efe4aaad8c227bfba0bf15cbe"},
    {file = "watchfiles-0.21.0-cp311-none-win_arm64.whl", hash = "sha256:c550a56bf209a3d987d5a975cdf2063b3389a5d16caf29db4bdddeae49f22078"},
    {file = "watchfiles-0.21.0-cp312-cp312-macosx_10_7_x86_64.whl", hash = "sha256:51ddac60b96a42c15d24fbdc7a4bfcd02b5a29c047b7f8bf63d3f6f5a860949a"},
    {file = "watchfiles-0.21.0-cp312-cp312-macosx_11_0_arm64.whl", hash = "sha256:511f0b034120cd1989932bf1e9081aa9fb00f1f949fbd2d9cab6264916ae89b1"},
    {file = "watchfiles-0.21.0-cp312-cp312-manylinux_2_12_i686.manylinux2010_i686.whl", hash = "sha256:cfb92d49dbb95ec7a07511bc9efb0faff8fe24ef3805662b8d6808ba8409a71a"},
    {file = "watchfiles-0.21.0-cp312-cp312-manylinux_2_17_aarch64.manylinux2014_aarch64.whl", hash = "sha256:3f92944efc564867bbf841c823c8b71bb0be75e06b8ce45c084b46411475a915"},
    {file = "watchfiles-0.21.0-cp312-cp312-manylinux_2_17_armv7l.manylinux2014_armv7l.whl", hash = "sha256:642d66b75eda909fd1112d35c53816d59789a4b38c141a96d62f50a3ef9b3360"},
    {file = "watchfiles-0.21.0-cp312-cp312-manylinux_2_17_ppc64le.manylinux2014_ppc64le.whl", hash = "sha256:d23bcd6c8eaa6324fe109d8cac01b41fe9a54b8c498af9ce464c1aeeb99903d6"},
    {file = "watchfiles-0.21.0-cp312-cp312-manylinux_2_17_s390x.manylinux2014_s390x.whl", hash = "sha256:18d5b4da8cf3e41895b34e8c37d13c9ed294954907929aacd95153508d5d89d7"},
    {file = "watchfiles-0.21.0-cp312-cp312-manylinux_2_17_x86_64.manylinux2014_x86_64.whl", hash = "sha256:1b8d1eae0f65441963d805f766c7e9cd092f91e0c600c820c764a4ff71a0764c"},
    {file = "watchfiles-0.21.0-cp312-cp312-musllinux_1_1_aarch64.whl", hash = "sha256:1fd9a5205139f3c6bb60d11f6072e0552f0a20b712c85f43d42342d162be1235"},
    {file = "watchfiles-0.21.0-cp312-cp312-musllinux_1_1_x86_64.whl", hash = "sha256:a1e3014a625bcf107fbf38eece0e47fa0190e52e45dc6eee5a8265ddc6dc5ea7"},
    {file = "watchfiles-0.21.0-cp312-none-win32.whl", hash = "sha256:9d09869f2c5a6f2d9df50ce3064b3391d3ecb6dced708ad64467b9e4f2c9bef3"},
    {file = "watchfiles-0.21.0-cp312-none-win_amd64.whl", hash = "sha256:18722b50783b5e30a18a8a5db3006bab146d2b705c92eb9a94f78c72beb94094"},
    {file = "watchfiles-0.21.0-cp312-none-win_arm64.whl", hash = "sha256:a3b9bec9579a15fb3ca2d9878deae789df72f2b0fdaf90ad49ee389cad5edab6"},
    {file = "watchfiles-0.21.0-cp38-cp38-macosx_10_7_x86_64.whl", hash = "sha256:4ea10a29aa5de67de02256a28d1bf53d21322295cb00bd2d57fcd19b850ebd99"},
    {file = "watchfiles-0.21.0-cp38-cp38-macosx_11_0_arm64.whl", hash = "sha256:40bca549fdc929b470dd1dbfcb47b3295cb46a6d2c90e50588b0a1b3bd98f429"},
    {file = "watchfiles-0.21.0-cp38-cp38-manylinux_2_12_i686.manylinux2010_i686.whl", hash = "sha256:9b37a7ba223b2f26122c148bb8d09a9ff312afca998c48c725ff5a0a632145f7"},
    {file = "watchfiles-0.21.0-cp38-cp38-manylinux_2_17_aarch64.manylinux2014_aarch64.whl", hash = "sha256:ec8c8900dc5c83650a63dd48c4d1d245343f904c4b64b48798c67a3767d7e165"},
    {file = "watchfiles-0.21.0-cp38-cp38-manylinux_2_17_armv7l.manylinux2014_armv7l.whl", hash = "sha256:8ad3fe0a3567c2f0f629d800409cd528cb6251da12e81a1f765e5c5345fd0137"},
    {file = "watchfiles-0.21.0-cp38-cp38-manylinux_2_17_ppc64le.manylinux2014_ppc64le.whl", hash = "sha256:9d353c4cfda586db2a176ce42c88f2fc31ec25e50212650c89fdd0f560ee507b"},
    {file = "watchfiles-0.21.0-cp38-cp38-manylinux_2_17_s390x.manylinux2014_s390x.whl", hash = "sha256:83a696da8922314ff2aec02987eefb03784f473281d740bf9170181829133765"},
    {file = "watchfiles-0.21.0-cp38-cp38-manylinux_2_17_x86_64.manylinux2014_x86_64.whl", hash = "sha256:5a03651352fc20975ee2a707cd2d74a386cd303cc688f407296064ad1e6d1562"},
    {file = "watchfiles-0.21.0-cp38-cp38-musllinux_1_1_aarch64.whl", hash = "sha256:3ad692bc7792be8c32918c699638b660c0de078a6cbe464c46e1340dadb94c19"},
    {file = "watchfiles-0.21.0-cp38-cp38-musllinux_1_1_x86_64.whl", hash = "sha256:06247538e8253975bdb328e7683f8515ff5ff041f43be6c40bff62d989b7d0b0"},
    {file = "watchfiles-0.21.0-cp38-none-win32.whl", hash = "sha256:9a0aa47f94ea9a0b39dd30850b0adf2e1cd32a8b4f9c7aa443d852aacf9ca214"},
    {file = "watchfiles-0.21.0-cp38-none-win_amd64.whl", hash = "sha256:8d5f400326840934e3507701f9f7269247f7c026d1b6cfd49477d2be0933cfca"},
    {file = "watchfiles-0.21.0-cp39-cp39-macosx_10_7_x86_64.whl", hash = "sha256:7f762a1a85a12cc3484f77eee7be87b10f8c50b0b787bb02f4e357403cad0c0e"},
    {file = "watchfiles-0.21.0-cp39-cp39-macosx_11_0_arm64.whl", hash = "sha256:6e9be3ef84e2bb9710f3f777accce25556f4a71e15d2b73223788d528fcc2052"},
    {file = "watchfiles-0.21.0-cp39-cp39-manylinux_2_12_i686.manylinux2010_i686.whl", hash = "sha256:4c48a10d17571d1275701e14a601e36959ffada3add8cdbc9e5061a6e3579a5d"},
    {file = "watchfiles-0.21.0-cp39-cp39-manylinux_2_17_aarch64.manylinux2014_aarch64.whl", hash = "sha256:6c889025f59884423428c261f212e04d438de865beda0b1e1babab85ef4c0f01"},
    {file = "watchfiles-0.21.0-cp39-cp39-manylinux_2_17_armv7l.manylinux2014_armv7l.whl", hash = "sha256:66fac0c238ab9a2e72d026b5fb91cb902c146202bbd29a9a1a44e8db7b710b6f"},
    {file = "watchfiles-0.21.0-cp39-cp39-manylinux_2_17_ppc64le.manylinux2014_ppc64le.whl", hash = "sha256:b4a21f71885aa2744719459951819e7bf5a906a6448a6b2bbce8e9cc9f2c8128"},
    {file = "watchfiles-0.21.0-cp39-cp39-manylinux_2_17_s390x.manylinux2014_s390x.whl", hash = "sha256:1c9198c989f47898b2c22201756f73249de3748e0fc9de44adaf54a8b259cc0c"},
    {file = "watchfiles-0.21.0-cp39-cp39-manylinux_2_17_x86_64.manylinux2014_x86_64.whl", hash = "sha256:d8f57c4461cd24fda22493109c45b3980863c58a25b8bec885ca8bea6b8d4b28"},
    {file = "watchfiles-0.21.0-cp39-cp39-musllinux_1_1_aarch64.whl", hash = "sha256:853853cbf7bf9408b404754b92512ebe3e3a83587503d766d23e6bf83d092ee6"},
    {file = "watchfiles-0.21.0-cp39-cp39-musllinux_1_1_x86_64.whl", hash = "sha256:d5b1dc0e708fad9f92c296ab2f948af403bf201db8fb2eb4c8179db143732e49"},
    {file = "watchfiles-0.21.0-cp39-none-win32.whl", hash = "sha256:59137c0c6826bd56c710d1d2bda81553b5e6b7c84d5a676747d80caf0409ad94"},
    {file = "watchfiles-0.21.0-cp39-none-win_amd64.whl", hash = "sha256:6cb8fdc044909e2078c248986f2fc76f911f72b51ea4a4fbbf472e01d14faa58"},
    {file = "watchfiles-0.21.0-pp310-pypy310_pp73-macosx_10_7_x86_64.whl", hash = "sha256:ab03a90b305d2588e8352168e8c5a1520b721d2d367f31e9332c4235b30b8994"},
    {file = "watchfiles-0.21.0-pp310-pypy310_pp73-macosx_11_0_arm64.whl", hash = "sha256:927c589500f9f41e370b0125c12ac9e7d3a2fd166b89e9ee2828b3dda20bfe6f"},
    {file = "watchfiles-0.21.0-pp310-pypy310_pp73-manylinux_2_17_aarch64.manylinux2014_aarch64.whl", hash = "sha256:1bd467213195e76f838caf2c28cd65e58302d0254e636e7c0fca81efa4a2e62c"},
    {file = "watchfiles-0.21.0-pp310-pypy310_pp73-manylinux_2_17_x86_64.manylinux2014_x86_64.whl", hash = "sha256:02b73130687bc3f6bb79d8a170959042eb56eb3a42df3671c79b428cd73f17cc"},
    {file = "watchfiles-0.21.0-pp38-pypy38_pp73-macosx_10_7_x86_64.whl", hash = "sha256:08dca260e85ffae975448e344834d765983237ad6dc308231aa16e7933db763e"},
    {file = "watchfiles-0.21.0-pp38-pypy38_pp73-macosx_11_0_arm64.whl", hash = "sha256:3ccceb50c611c433145502735e0370877cced72a6c70fd2410238bcbc7fe51d8"},
    {file = "watchfiles-0.21.0-pp38-pypy38_pp73-manylinux_2_17_aarch64.manylinux2014_aarch64.whl", hash = "sha256:57d430f5fb63fea141ab71ca9c064e80de3a20b427ca2febcbfcef70ff0ce895"},
    {file = "watchfiles-0.21.0-pp38-pypy38_pp73-manylinux_2_17_x86_64.manylinux2014_x86_64.whl", hash = "sha256:0dd5fad9b9c0dd89904bbdea978ce89a2b692a7ee8a0ce19b940e538c88a809c"},
    {file = "watchfiles-0.21.0-pp39-pypy39_pp73-macosx_10_7_x86_64.whl", hash = "sha256:be6dd5d52b73018b21adc1c5d28ac0c68184a64769052dfeb0c5d9998e7f56a2"},
    {file = "watchfiles-0.21.0-pp39-pypy39_pp73-macosx_11_0_arm64.whl", hash = "sha256:b3cab0e06143768499384a8a5efb9c4dc53e19382952859e4802f294214f36ec"},
    {file = "watchfiles-0.21.0-pp39-pypy39_pp73-manylinux_2_17_aarch64.manylinux2014_aarch64.whl", hash = "sha256:8c6ed10c2497e5fedadf61e465b3ca12a19f96004c15dcffe4bd442ebadc2d85"},
    {file = "watchfiles-0.21.0-pp39-pypy39_pp73-manylinux_2_17_x86_64.manylinux2014_x86_64.whl", hash = "sha256:43babacef21c519bc6631c5fce2a61eccdfc011b4bcb9047255e9620732c8097"},
    {file = "watchfiles-0.21.0.tar.gz", hash = "sha256:c76c635fabf542bb78524905718c39f736a98e5ab25b23ec6d4abede1a85a6a3"},
]

[package.dependencies]
anyio = ">=3.0.0"

[metadata]
lock-version = "2.0"
python-versions = "^3.12"
content-hash = "523591c2fb680a7ed650a096ae4b6afcf63c63d9645d547d5531c9d9854ee8b6"
