# This file is automatically @generated by Poetry 1.6.1 and should not be changed by hand.

[[package]]
name = "aiofiles"
version = "24.1.0"
description = "File support for asyncio."
optional = false
python-versions = ">=3.8"
files = [
    {file = "aiofiles-24.1.0-py3-none-any.whl", hash = "sha256:b4ec55f4195e3eb5d7abd1bf7e061763e864dd4954231fb8539a0ef8bb8260e5"},
    {file = "aiofiles-24.1.0.tar.gz", hash = "sha256:22a075c9e5a3810f0c2e48f3008c94d68c65d763b9b03857924c99e57355166c"},
]

[[package]]
name = "anyio"
version = "4.0.0"
description = "High level compatibility layer for multiple asynchronous event loop implementations"
optional = false
python-versions = ">=3.8"
files = [
    {file = "anyio-4.0.0-py3-none-any.whl", hash = "sha256:cfdb2b588b9fc25ede96d8db56ed50848b0b649dca3dd1df0b11f683bb9e0b5f"},
    {file = "anyio-4.0.0.tar.gz", hash = "sha256:f7ed51751b2c2add651e5747c891b47e26d2a21be5d32d9311dfe9692f3e5d7a"},
]

[package.dependencies]
idna = ">=2.8"
sniffio = ">=1.1"

[package.extras]
doc = ["Sphinx (>=7)", "packaging", "sphinx-autodoc-typehints (>=1.2.0)"]
test = ["anyio[trio]", "coverage[toml] (>=7)", "hypothesis (>=4.0)", "psutil (>=5.9)", "pytest (>=7.0)", "pytest-mock (>=3.6.1)", "trustme", "uvloop (>=0.17)"]
trio = ["trio (>=0.22)"]

[[package]]
name = "colorama"
version = "0.4.6"
description = "Cross-platform colored terminal text."
optional = false
python-versions = "!=3.0.*,!=3.1.*,!=3.2.*,!=3.3.*,!=3.4.*,!=3.5.*,!=3.6.*,>=2.7"
files = [
    {file = "colorama-0.4.6-py2.py3-none-any.whl", hash = "sha256:4f1d9991f5acc0ca119f9d443620b77f9d6b33703e51011c16baf57afb285fc6"},
    {file = "colorama-0.4.6.tar.gz", hash = "sha256:08695f5cb7ed6e0531a20572697297273c47b8cae5a63ffc6d6ed5c201be6e44"},
]

[[package]]
name = "colored"
version = "2.2.4"
description = "Simple python library for color and formatting to terminal"
optional = false
python-versions = ">=3.9"
files = [
    {file = "colored-2.2.4-py3-none-any.whl", hash = "sha256:a7069673bd90a35f46cb748d012c17284a0668d2f1c06bc7a51822a2d5ad2112"},
    {file = "colored-2.2.4.tar.gz", hash = "sha256:595e1dd7f3b472ea5f12af21d2fec8a2ea2cf8f9d93e67180197330b26df9b61"},
]

[[package]]
name = "idna"
version = "3.4"
description = "Internationalized Domain Names in Applications (IDNA)"
optional = false
python-versions = ">=3.5"
files = [
    {file = "idna-3.4-py3-none-any.whl", hash = "sha256:90b77e79eaa3eba6de819a0c442c0b4ceefc341a7a2ab77d7562bf49f425c5c2"},
    {file = "idna-3.4.tar.gz", hash = "sha256:814f528e8dead7d329833b91c5faa87d60bf71824cd12a7530b5526063d02cb4"},
]

[[package]]
name = "iniconfig"
version = "2.0.0"
description = "brain-dead simple config-ini parsing"
optional = false
python-versions = ">=3.7"
files = [
    {file = "iniconfig-2.0.0-py3-none-any.whl", hash = "sha256:b6a85871a79d2e3b22d2d1b94ac2824226a63c6b741c88f7ae975f18b6778374"},
    {file = "iniconfig-2.0.0.tar.gz", hash = "sha256:2d91e135bf72d31a410b17c16da610a82cb55f6b0477d1a902134b24a455b8b3"},
]

[[package]]
name = "nodeenv"
version = "1.8.0"
description = "Node.js virtual environment builder"
optional = false
python-versions = ">=2.7,!=3.0.*,!=3.1.*,!=3.2.*,!=3.3.*,!=3.4.*,!=3.5.*,!=3.6.*"
files = [
    {file = "nodeenv-1.8.0-py2.py3-none-any.whl", hash = "sha256:df865724bb3c3adc86b3876fa209771517b0cfe596beff01a92700e0e8be4cec"},
    {file = "nodeenv-1.8.0.tar.gz", hash = "sha256:d51e0c37e64fbf47d017feac3145cdbb58836d7eee8c6f6d3b6880c5456227d2"},
]

[package.dependencies]
setuptools = "*"

[[package]]
name = "packaging"
version = "23.2"
description = "Core utilities for Python packages"
optional = false
python-versions = ">=3.7"
files = [
    {file = "packaging-23.2-py3-none-any.whl", hash = "sha256:8c491190033a9af7e1d931d0b5dacc2ef47509b34dd0de67ed209b5203fc88c7"},
    {file = "packaging-23.2.tar.gz", hash = "sha256:048fb0e9405036518eaaf48a55953c750c11e1a1b68e0dd1a9d62ed0c092cfc5"},
]

[[package]]
name = "pluggy"
version = "1.5.0"
description = "plugin and hook calling mechanisms for python"
optional = false
python-versions = ">=3.8"
files = [
    {file = "pluggy-1.5.0-py3-none-any.whl", hash = "sha256:44e1ad92c8ca002de6377e165f3e0f1be63266ab4d554740532335b9d75ea669"},
    {file = "pluggy-1.5.0.tar.gz", hash = "sha256:2cffa88e94fdc978c4c574f15f9e59b7f4201d439195c3715ca9e2486f1d0cf1"},
]

[package.extras]
dev = ["pre-commit", "tox"]
testing = ["pytest", "pytest-benchmark"]

[[package]]
name = "pyright"
version = "1.1.375"
description = "Command line wrapper for pyright"
optional = false
python-versions = ">=3.7"
files = [
    {file = "pyright-1.1.375-py3-none-any.whl", hash = "sha256:4c5e27eddeaee8b41cc3120736a1dda6ae120edf8523bb2446b6073a52f286e3"},
    {file = "pyright-1.1.375.tar.gz", hash = "sha256:7765557b0d6782b2fadabff455da2014476404c9e9214f49977a4e49dec19a0f"},
]

[package.dependencies]
nodeenv = ">=1.6.0"

[package.extras]
all = ["twine (>=3.4.1)"]
dev = ["twine (>=3.4.1)"]

[[package]]
name = "pytest"
version = "8.3.2"
description = "pytest: simple powerful testing with Python"
optional = false
python-versions = ">=3.8"
files = [
    {file = "pytest-8.3.2-py3-none-any.whl", hash = "sha256:4ba08f9ae7dcf84ded419494d229b48d0903ea6407b030eaec46df5e6a73bba5"},
    {file = "pytest-8.3.2.tar.gz", hash = "sha256:c132345d12ce551242c87269de812483f5bcc87cdbb4722e48487ba194f9fdce"},
]

[package.dependencies]
colorama = {version = "*", markers = "sys_platform == \"win32\""}
iniconfig = "*"
packaging = "*"
pluggy = ">=1.5,<2"

[package.extras]
dev = ["argcomplete", "attrs (>=19.2)", "hypothesis (>=3.56)", "mock", "pygments (>=2.7.2)", "requests", "setuptools", "xmlschema"]

[[package]]
name = "pytest-rerunfailures"
version = "12.0"
description = "pytest plugin to re-run tests to eliminate flaky failures"
optional = false
python-versions = ">=3.7"
files = [
    {file = "pytest-rerunfailures-12.0.tar.gz", hash = "sha256:784f462fa87fe9bdf781d0027d856b47a4bfe6c12af108f6bd887057a917b48e"},
    {file = "pytest_rerunfailures-12.0-py3-none-any.whl", hash = "sha256:9a1afd04e21b8177faf08a9bbbf44de7a0fe3fc29f8ddbe83b9684bd5f8f92a9"},
]

[package.dependencies]
packaging = ">=17.1"
pytest = ">=6.2"

[[package]]
name = "ruff"
version = "0.5.7"
description = "An extremely fast Python linter and code formatter, written in Rust."
optional = false
python-versions = ">=3.7"
files = [
    {file = "ruff-0.5.7-py3-none-linux_armv6l.whl", hash = "sha256:548992d342fc404ee2e15a242cdbea4f8e39a52f2e7752d0e4cbe88d2d2f416a"},
    {file = "ruff-0.5.7-py3-none-macosx_10_12_x86_64.whl", hash = "sha256:00cc8872331055ee017c4f1071a8a31ca0809ccc0657da1d154a1d2abac5c0be"},
    {file = "ruff-0.5.7-py3-none-macosx_11_0_arm64.whl", hash = "sha256:eaf3d86a1fdac1aec8a3417a63587d93f906c678bb9ed0b796da7b59c1114a1e"},
    {file = "ruff-0.5.7-py3-none-manylinux_2_17_aarch64.manylinux2014_aarch64.whl", hash = "sha256:a01c34400097b06cf8a6e61b35d6d456d5bd1ae6961542de18ec81eaf33b4cb8"},
    {file = "ruff-0.5.7-py3-none-manylinux_2_17_armv7l.manylinux2014_armv7l.whl", hash = "sha256:fcc8054f1a717e2213500edaddcf1dbb0abad40d98e1bd9d0ad364f75c763eea"},
    {file = "ruff-0.5.7-py3-none-manylinux_2_17_i686.manylinux2014_i686.whl", hash = "sha256:7f70284e73f36558ef51602254451e50dd6cc479f8b6f8413a95fcb5db4a55fc"},
    {file = "ruff-0.5.7-py3-none-manylinux_2_17_ppc64.manylinux2014_ppc64.whl", hash = "sha256:a78ad870ae3c460394fc95437d43deb5c04b5c29297815a2a1de028903f19692"},
    {file = "ruff-0.5.7-py3-none-manylinux_2_17_ppc64le.manylinux2014_ppc64le.whl", hash = "sha256:9ccd078c66a8e419475174bfe60a69adb36ce04f8d4e91b006f1329d5cd44bcf"},
    {file = "ruff-0.5.7-py3-none-manylinux_2_17_s390x.manylinux2014_s390x.whl", hash = "sha256:7e31c9bad4ebf8fdb77b59cae75814440731060a09a0e0077d559a556453acbb"},
    {file = "ruff-0.5.7-py3-none-manylinux_2_17_x86_64.manylinux2014_x86_64.whl", hash = "sha256:8d796327eed8e168164346b769dd9a27a70e0298d667b4ecee6877ce8095ec8e"},
    {file = "ruff-0.5.7-py3-none-musllinux_1_2_aarch64.whl", hash = "sha256:4a09ea2c3f7778cc635e7f6edf57d566a8ee8f485f3c4454db7771efb692c499"},
    {file = "ruff-0.5.7-py3-none-musllinux_1_2_armv7l.whl", hash = "sha256:a36d8dcf55b3a3bc353270d544fb170d75d2dff41eba5df57b4e0b67a95bb64e"},
    {file = "ruff-0.5.7-py3-none-musllinux_1_2_i686.whl", hash = "sha256:9369c218f789eefbd1b8d82a8cf25017b523ac47d96b2f531eba73770971c9e5"},
    {file = "ruff-0.5.7-py3-none-musllinux_1_2_x86_64.whl", hash = "sha256:b88ca3db7eb377eb24fb7c82840546fb7acef75af4a74bd36e9ceb37a890257e"},
    {file = "ruff-0.5.7-py3-none-win32.whl", hash = "sha256:33d61fc0e902198a3e55719f4be6b375b28f860b09c281e4bdbf783c0566576a"},
    {file = "ruff-0.5.7-py3-none-win_amd64.whl", hash = "sha256:083bbcbe6fadb93cd86709037acc510f86eed5a314203079df174c40bbbca6b3"},
    {file = "ruff-0.5.7-py3-none-win_arm64.whl", hash = "sha256:2dca26154ff9571995107221d0aeaad0e75a77b5a682d6236cf89a58c70b76f4"},
    {file = "ruff-0.5.7.tar.gz", hash = "sha256:8dfc0a458797f5d9fb622dd0efc52d796f23f0a1493a9527f4e49a550ae9a7e5"},
]

[[package]]
name = "setuptools"
version = "68.2.2"
description = "Easily download, build, install, upgrade, and uninstall Python packages"
optional = false
python-versions = ">=3.8"
files = [
    {file = "setuptools-68.2.2-py3-none-any.whl", hash = "sha256:b454a35605876da60632df1a60f736524eb73cc47bbc9f3f1ef1b644de74fd2a"},
    {file = "setuptools-68.2.2.tar.gz", hash = "sha256:4ac1475276d2f1c48684874089fefcd83bd7162ddaafb81fac866ba0db282a87"},
]

[package.extras]
docs = ["furo", "jaraco.packaging (>=9.3)", "jaraco.tidelift (>=1.4)", "pygments-github-lexers (==0.0.5)", "rst.linker (>=1.9)", "sphinx (>=3.5)", "sphinx-favicon", "sphinx-hoverxref (<2)", "sphinx-inline-tabs", "sphinx-lint", "sphinx-notfound-page (>=1,<2)", "sphinx-reredirects", "sphinxcontrib-towncrier"]
testing = ["build[virtualenv]", "filelock (>=3.4.0)", "flake8-2020", "ini2toml[lite] (>=0.9)", "jaraco.develop (>=7.21)", "jaraco.envs (>=2.2)", "jaraco.path (>=3.2.0)", "pip (>=19.1)", "pytest (>=6)", "pytest-black (>=0.3.7)", "pytest-checkdocs (>=2.4)", "pytest-cov", "pytest-enabler (>=2.2)", "pytest-mypy (>=0.9.1)", "pytest-perf", "pytest-ruff", "pytest-timeout", "pytest-xdist", "tomli-w (>=1.0.0)", "virtualenv (>=13.0.0)", "wheel"]
testing-integration = ["build[virtualenv] (>=1.0.3)", "filelock (>=3.4.0)", "jaraco.envs (>=2.2)", "jaraco.path (>=3.2.0)", "packaging (>=23.1)", "pytest", "pytest-enabler", "pytest-xdist", "tomli", "virtualenv (>=13.0.0)", "wheel"]

[[package]]
name = "sniffio"
version = "1.3.0"
description = "Sniff out which async library your code is running under"
optional = false
python-versions = ">=3.7"
files = [
    {file = "sniffio-1.3.0-py3-none-any.whl", hash = "sha256:eecefdce1e5bbfb7ad2eeaabf7c1eeb404d7757c379bd1f7e5cce9d8bf425384"},
    {file = "sniffio-1.3.0.tar.gz", hash = "sha256:e60305c5e5d314f5389259b7f22aaa33d8f7dee49763119234af3755c55b9101"},
]

[[package]]
name = "typing-extensions"
version = "4.12.2"
description = "Backported and Experimental Type Hints for Python 3.8+"
optional = false
python-versions = ">=3.8"
files = [
    {file = "typing_extensions-4.12.2-py3-none-any.whl", hash = "sha256:04e5ca0351e0f3f85c6853954072df659d0d13fac324d0072316b67d7794700d"},
    {file = "typing_extensions-4.12.2.tar.gz", hash = "sha256:1a7ead55c7e559dd4dee8856e3a88b41225abfe1ce8df57b7c13915fe121ffb8"},
]

[[package]]
name = "watchfiles"
version = "0.23.0"
description = "Simple, modern and high performance file watching and code reload in python."
optional = false
python-versions = ">=3.8"
files = [
    {file = "watchfiles-0.23.0-cp310-cp310-macosx_10_12_x86_64.whl", hash = "sha256:bee8ce357a05c20db04f46c22be2d1a2c6a8ed365b325d08af94358e0688eeb4"},
    {file = "watchfiles-0.23.0-cp310-cp310-macosx_11_0_arm64.whl", hash = "sha256:4ccd3011cc7ee2f789af9ebe04745436371d36afe610028921cab9f24bb2987b"},
    {file = "watchfiles-0.23.0-cp310-cp310-manylinux_2_17_aarch64.manylinux2014_aarch64.whl", hash = "sha256:fb02d41c33be667e6135e6686f1bb76104c88a312a18faa0ef0262b5bf7f1a0f"},
    {file = "watchfiles-0.23.0-cp310-cp310-manylinux_2_17_armv7l.manylinux2014_armv7l.whl", hash = "sha256:7cf12ac34c444362f3261fb3ff548f0037ddd4c5bb85f66c4be30d2936beb3c5"},
    {file = "watchfiles-0.23.0-cp310-cp310-manylinux_2_17_i686.manylinux2014_i686.whl", hash = "sha256:a0b2c25040a3c0ce0e66c7779cc045fdfbbb8d59e5aabfe033000b42fe44b53e"},
    {file = "watchfiles-0.23.0-cp310-cp310-manylinux_2_17_ppc64le.manylinux2014_ppc64le.whl", hash = "sha256:ecf2be4b9eece4f3da8ba5f244b9e51932ebc441c0867bd6af46a3d97eb068d6"},
    {file = "watchfiles-0.23.0-cp310-cp310-manylinux_2_17_s390x.manylinux2014_s390x.whl", hash = "sha256:40cb8fa00028908211eb9f8d47744dca21a4be6766672e1ff3280bee320436f1"},
    {file = "watchfiles-0.23.0-cp310-cp310-manylinux_2_17_x86_64.manylinux2014_x86_64.whl", hash = "sha256:8f48c917ffd36ff9a5212614c2d0d585fa8b064ca7e66206fb5c095015bc8207"},
    {file = "watchfiles-0.23.0-cp310-cp310-musllinux_1_1_aarch64.whl", hash = "sha256:9d183e3888ada88185ab17064079c0db8c17e32023f5c278d7bf8014713b1b5b"},
    {file = "watchfiles-0.23.0-cp310-cp310-musllinux_1_1_x86_64.whl", hash = "sha256:9837edf328b2805346f91209b7e660f65fb0e9ca18b7459d075d58db082bf981"},
    {file = "watchfiles-0.23.0-cp310-none-win32.whl", hash = "sha256:296e0b29ab0276ca59d82d2da22cbbdb39a23eed94cca69aed274595fb3dfe42"},
    {file = "watchfiles-0.23.0-cp310-none-win_amd64.whl", hash = "sha256:4ea756e425ab2dfc8ef2a0cb87af8aa7ef7dfc6fc46c6f89bcf382121d4fff75"},
    {file = "watchfiles-0.23.0-cp311-cp311-macosx_10_12_x86_64.whl", hash = "sha256:e397b64f7aaf26915bf2ad0f1190f75c855d11eb111cc00f12f97430153c2eab"},
    {file = "watchfiles-0.23.0-cp311-cp311-macosx_11_0_arm64.whl", hash = "sha256:b4ac73b02ca1824ec0a7351588241fd3953748d3774694aa7ddb5e8e46aef3e3"},
    {file = "watchfiles-0.23.0-cp311-cp311-manylinux_2_17_aarch64.manylinux2014_aarch64.whl", hash = "sha256:130a896d53b48a1cecccfa903f37a1d87dbb74295305f865a3e816452f6e49e4"},
    {file = "watchfiles-0.23.0-cp311-cp311-manylinux_2_17_armv7l.manylinux2014_armv7l.whl", hash = "sha256:c5e7803a65eb2d563c73230e9d693c6539e3c975ccfe62526cadde69f3fda0cf"},
    {file = "watchfiles-0.23.0-cp311-cp311-manylinux_2_17_i686.manylinux2014_i686.whl", hash = "sha256:d1aa4cc85202956d1a65c88d18c7b687b8319dbe6b1aec8969784ef7a10e7d1a"},
    {file = "watchfiles-0.23.0-cp311-cp311-manylinux_2_17_ppc64le.manylinux2014_ppc64le.whl", hash = "sha256:87f889f6e58849ddb7c5d2cb19e2e074917ed1c6e3ceca50405775166492cca8"},
    {file = "watchfiles-0.23.0-cp311-cp311-manylinux_2_17_s390x.manylinux2014_s390x.whl", hash = "sha256:37fd826dac84c6441615aa3f04077adcc5cac7194a021c9f0d69af20fb9fa788"},
    {file = "watchfiles-0.23.0-cp311-cp311-manylinux_2_17_x86_64.manylinux2014_x86_64.whl", hash = "sha256:ee7db6e36e7a2c15923072e41ea24d9a0cf39658cb0637ecc9307b09d28827e1"},
    {file = "watchfiles-0.23.0-cp311-cp311-musllinux_1_1_aarch64.whl", hash = "sha256:2368c5371c17fdcb5a2ea71c5c9d49f9b128821bfee69503cc38eae00feb3220"},
    {file = "watchfiles-0.23.0-cp311-cp311-musllinux_1_1_x86_64.whl", hash = "sha256:857af85d445b9ba9178db95658c219dbd77b71b8264e66836a6eba4fbf49c320"},
    {file = "watchfiles-0.23.0-cp311-none-win32.whl", hash = "sha256:1d636c8aeb28cdd04a4aa89030c4b48f8b2954d8483e5f989774fa441c0ed57b"},
    {file = "watchfiles-0.23.0-cp311-none-win_amd64.whl", hash = "sha256:46f1d8069a95885ca529645cdbb05aea5837d799965676e1b2b1f95a4206313e"},
    {file = "watchfiles-0.23.0-cp311-none-win_arm64.whl", hash = "sha256:e495ed2a7943503766c5d1ff05ae9212dc2ce1c0e30a80d4f0d84889298fa304"},
    {file = "watchfiles-0.23.0-cp312-cp312-macosx_10_12_x86_64.whl", hash = "sha256:1db691bad0243aed27c8354b12d60e8e266b75216ae99d33e927ff5238d270b5"},
    {file = "watchfiles-0.23.0-cp312-cp312-macosx_11_0_arm64.whl", hash = "sha256:62d2b18cb1edaba311fbbfe83fb5e53a858ba37cacb01e69bc20553bb70911b8"},
    {file = "watchfiles-0.23.0-cp312-cp312-manylinux_2_17_aarch64.manylinux2014_aarch64.whl", hash = "sha256:e087e8fdf1270d000913c12e6eca44edd02aad3559b3e6b8ef00f0ce76e0636f"},
    {file = "watchfiles-0.23.0-cp312-cp312-manylinux_2_17_armv7l.manylinux2014_armv7l.whl", hash = "sha256:dd41d5c72417b87c00b1b635738f3c283e737d75c5fa5c3e1c60cd03eac3af77"},
    {file = "watchfiles-0.23.0-cp312-cp312-manylinux_2_17_i686.manylinux2014_i686.whl", hash = "sha256:1e5f3ca0ff47940ce0a389457b35d6df601c317c1e1a9615981c474452f98de1"},
    {file = "watchfiles-0.23.0-cp312-cp312-manylinux_2_17_ppc64le.manylinux2014_ppc64le.whl", hash = "sha256:6991e3a78f642368b8b1b669327eb6751439f9f7eaaa625fae67dd6070ecfa0b"},
    {file = "watchfiles-0.23.0-cp312-cp312-manylinux_2_17_s390x.manylinux2014_s390x.whl", hash = "sha256:7f7252f52a09f8fa5435dc82b6af79483118ce6bd51eb74e6269f05ee22a7b9f"},
    {file = "watchfiles-0.23.0-cp312-cp312-manylinux_2_17_x86_64.manylinux2014_x86_64.whl", hash = "sha256:0e01bcb8d767c58865207a6c2f2792ad763a0fe1119fb0a430f444f5b02a5ea0"},
    {file = "watchfiles-0.23.0-cp312-cp312-musllinux_1_1_aarch64.whl", hash = "sha256:8e56fbcdd27fce061854ddec99e015dd779cae186eb36b14471fc9ae713b118c"},
    {file = "watchfiles-0.23.0-cp312-cp312-musllinux_1_1_x86_64.whl", hash = "sha256:bd3e2d64500a6cad28bcd710ee6269fbeb2e5320525acd0cfab5f269ade68581"},
    {file = "watchfiles-0.23.0-cp312-none-win32.whl", hash = "sha256:eb99c954291b2fad0eff98b490aa641e128fbc4a03b11c8a0086de8b7077fb75"},
    {file = "watchfiles-0.23.0-cp312-none-win_amd64.whl", hash = "sha256:dccc858372a56080332ea89b78cfb18efb945da858fabeb67f5a44fa0bcb4ebb"},
    {file = "watchfiles-0.23.0-cp312-none-win_arm64.whl", hash = "sha256:6c21a5467f35c61eafb4e394303720893066897fca937bade5b4f5877d350ff8"},
    {file = "watchfiles-0.23.0-cp313-cp313-macosx_10_12_x86_64.whl", hash = "sha256:ba31c32f6b4dceeb2be04f717811565159617e28d61a60bb616b6442027fd4b9"},
    {file = "watchfiles-0.23.0-cp313-cp313-macosx_11_0_arm64.whl", hash = "sha256:85042ab91814fca99cec4678fc063fb46df4cbb57b4835a1cc2cb7a51e10250e"},
    {file = "watchfiles-0.23.0-cp313-cp313-manylinux_2_17_aarch64.manylinux2014_aarch64.whl", hash = "sha256:24655e8c1c9c114005c3868a3d432c8aa595a786b8493500071e6a52f3d09217"},
    {file = "watchfiles-0.23.0-cp313-cp313-manylinux_2_17_armv7l.manylinux2014_armv7l.whl", hash = "sha256:6b1a950ab299a4a78fd6369a97b8763732bfb154fdb433356ec55a5bce9515c1"},
    {file = "watchfiles-0.23.0-cp313-cp313-manylinux_2_17_i686.manylinux2014_i686.whl", hash = "sha256:b8d3c5cd327dd6ce0edfc94374fb5883d254fe78a5e9d9dfc237a1897dc73cd1"},
    {file = "watchfiles-0.23.0-cp313-cp313-manylinux_2_17_ppc64le.manylinux2014_ppc64le.whl", hash = "sha256:9ff785af8bacdf0be863ec0c428e3288b817e82f3d0c1d652cd9c6d509020dd0"},
    {file = "watchfiles-0.23.0-cp313-cp313-manylinux_2_17_s390x.manylinux2014_s390x.whl", hash = "sha256:02b7ba9d4557149410747353e7325010d48edcfe9d609a85cb450f17fd50dc3d"},
    {file = "watchfiles-0.23.0-cp313-cp313-manylinux_2_17_x86_64.manylinux2014_x86_64.whl", hash = "sha256:48a1b05c0afb2cd2f48c1ed2ae5487b116e34b93b13074ed3c22ad5c743109f0"},
    {file = "watchfiles-0.23.0-cp313-cp313-musllinux_1_1_aarch64.whl", hash = "sha256:109a61763e7318d9f821b878589e71229f97366fa6a5c7720687d367f3ab9eef"},
    {file = "watchfiles-0.23.0-cp313-cp313-musllinux_1_1_x86_64.whl", hash = "sha256:9f8e6bb5ac007d4a4027b25f09827ed78cbbd5b9700fd6c54429278dacce05d1"},
    {file = "watchfiles-0.23.0-cp313-none-win32.whl", hash = "sha256:f46c6f0aec8d02a52d97a583782d9af38c19a29900747eb048af358a9c1d8e5b"},
    {file = "watchfiles-0.23.0-cp313-none-win_amd64.whl", hash = "sha256:f449afbb971df5c6faeb0a27bca0427d7b600dd8f4a068492faec18023f0dcff"},
    {file = "watchfiles-0.23.0-cp38-cp38-macosx_10_12_x86_64.whl", hash = "sha256:2dddc2487d33e92f8b6222b5fb74ae2cfde5e8e6c44e0248d24ec23befdc5366"},
    {file = "watchfiles-0.23.0-cp38-cp38-macosx_11_0_arm64.whl", hash = "sha256:e75695cc952e825fa3e0684a7f4a302f9128721f13eedd8dbd3af2ba450932b8"},
    {file = "watchfiles-0.23.0-cp38-cp38-manylinux_2_17_aarch64.manylinux2014_aarch64.whl", hash = "sha256:2537ef60596511df79b91613a5bb499b63f46f01a11a81b0a2b0dedf645d0a9c"},
    {file = "watchfiles-0.23.0-cp38-cp38-manylinux_2_17_armv7l.manylinux2014_armv7l.whl", hash = "sha256:20b423b58f5fdde704a226b598a2d78165fe29eb5621358fe57ea63f16f165c4"},
    {file = "watchfiles-0.23.0-cp38-cp38-manylinux_2_17_i686.manylinux2014_i686.whl", hash = "sha256:b98732ec893975455708d6fc9a6daab527fc8bbe65be354a3861f8c450a632a4"},
    {file = "watchfiles-0.23.0-cp38-cp38-manylinux_2_17_ppc64le.manylinux2014_ppc64le.whl", hash = "sha256:ee1f5fcbf5bc33acc0be9dd31130bcba35d6d2302e4eceafafd7d9018c7755ab"},
    {file = "watchfiles-0.23.0-cp38-cp38-manylinux_2_17_s390x.manylinux2014_s390x.whl", hash = "sha256:a8f195338a5a7b50a058522b39517c50238358d9ad8284fd92943643144c0c03"},
    {file = "watchfiles-0.23.0-cp38-cp38-manylinux_2_17_x86_64.manylinux2014_x86_64.whl", hash = "sha256:524fcb8d59b0dbee2c9b32207084b67b2420f6431ed02c18bd191e6c575f5c48"},
    {file = "watchfiles-0.23.0-cp38-cp38-musllinux_1_1_aarch64.whl", hash = "sha256:0eff099a4df36afaa0eea7a913aa64dcf2cbd4e7a4f319a73012210af4d23810"},
    {file = "watchfiles-0.23.0-cp38-cp38-musllinux_1_1_x86_64.whl", hash = "sha256:a8323daae27ea290ba3350c70c836c0d2b0fb47897fa3b0ca6a5375b952b90d3"},
    {file = "watchfiles-0.23.0-cp38-none-win32.whl", hash = "sha256:aafea64a3ae698695975251f4254df2225e2624185a69534e7fe70581066bc1b"},
    {file = "watchfiles-0.23.0-cp38-none-win_amd64.whl", hash = "sha256:c846884b2e690ba62a51048a097acb6b5cd263d8bd91062cd6137e2880578472"},
    {file = "watchfiles-0.23.0-cp39-cp39-macosx_10_12_x86_64.whl", hash = "sha256:a753993635eccf1ecb185dedcc69d220dab41804272f45e4aef0a67e790c3eb3"},
    {file = "watchfiles-0.23.0-cp39-cp39-macosx_11_0_arm64.whl", hash = "sha256:6bb91fa4d0b392f0f7e27c40981e46dda9eb0fbc84162c7fb478fe115944f491"},
    {file = "watchfiles-0.23.0-cp39-cp39-manylinux_2_17_aarch64.manylinux2014_aarch64.whl", hash = "sha256:b1f67312efa3902a8e8496bfa9824d3bec096ff83c4669ea555c6bdd213aa516"},
    {file = "watchfiles-0.23.0-cp39-cp39-manylinux_2_17_armv7l.manylinux2014_armv7l.whl", hash = "sha256:7ca6b71dcc50d320c88fb2d88ecd63924934a8abc1673683a242a7ca7d39e781"},
    {file = "watchfiles-0.23.0-cp39-cp39-manylinux_2_17_i686.manylinux2014_i686.whl", hash = "sha256:2aec5c29915caf08771d2507da3ac08e8de24a50f746eb1ed295584ba1820330"},
    {file = "watchfiles-0.23.0-cp39-cp39-manylinux_2_17_ppc64le.manylinux2014_ppc64le.whl", hash = "sha256:1733b9bc2c8098c6bdb0ff7a3d7cb211753fecb7bd99bdd6df995621ee1a574b"},
    {file = "watchfiles-0.23.0-cp39-cp39-manylinux_2_17_s390x.manylinux2014_s390x.whl", hash = "sha256:02ff5d7bd066c6a7673b17c8879cd8ee903078d184802a7ee851449c43521bdd"},
    {file = "watchfiles-0.23.0-cp39-cp39-manylinux_2_17_x86_64.manylinux2014_x86_64.whl", hash = "sha256:18e2de19801b0eaa4c5292a223effb7cfb43904cb742c5317a0ac686ed604765"},
    {file = "watchfiles-0.23.0-cp39-cp39-musllinux_1_1_aarch64.whl", hash = "sha256:8ada449e22198c31fb013ae7e9add887e8d2bd2335401abd3cbc55f8c5083647"},
    {file = "watchfiles-0.23.0-cp39-cp39-musllinux_1_1_x86_64.whl", hash = "sha256:3af1b05361e1cc497bf1be654a664750ae61f5739e4bb094a2be86ec8c6db9b6"},
    {file = "watchfiles-0.23.0-cp39-none-win32.whl", hash = "sha256:486bda18be5d25ab5d932699ceed918f68eb91f45d018b0343e3502e52866e5e"},
    {file = "watchfiles-0.23.0-cp39-none-win_amd64.whl", hash = "sha256:d2d42254b189a346249424fb9bb39182a19289a2409051ee432fb2926bad966a"},
    {file = "watchfiles-0.23.0-pp310-pypy310_pp73-macosx_10_12_x86_64.whl", hash = "sha256:6a9265cf87a5b70147bfb2fec14770ed5b11a5bb83353f0eee1c25a81af5abfe"},
    {file = "watchfiles-0.23.0-pp310-pypy310_pp73-macosx_11_0_arm64.whl", hash = "sha256:9f02a259fcbbb5fcfe7a0805b1097ead5ba7a043e318eef1db59f93067f0b49b"},
    {file = "watchfiles-0.23.0-pp310-pypy310_pp73-manylinux_2_17_aarch64.manylinux2014_aarch64.whl", hash = "sha256:1ebaebb53b34690da0936c256c1cdb0914f24fb0e03da76d185806df9328abed"},
    {file = "watchfiles-0.23.0-pp310-pypy310_pp73-manylinux_2_17_x86_64.manylinux2014_x86_64.whl", hash = "sha256:fd257f98cff9c6cb39eee1a83c7c3183970d8a8d23e8cf4f47d9a21329285cee"},
    {file = "watchfiles-0.23.0-pp38-pypy38_pp73-macosx_10_12_x86_64.whl", hash = "sha256:aba037c1310dd108411d27b3d5815998ef0e83573e47d4219f45753c710f969f"},
    {file = "watchfiles-0.23.0-pp38-pypy38_pp73-macosx_11_0_arm64.whl", hash = "sha256:a96ac14e184aa86dc43b8a22bb53854760a58b2966c2b41580de938e9bf26ed0"},
    {file = "watchfiles-0.23.0-pp38-pypy38_pp73-manylinux_2_17_aarch64.manylinux2014_aarch64.whl", hash = "sha256:11698bb2ea5e991d10f1f4f83a39a02f91e44e4bd05f01b5c1ec04c9342bf63c"},
    {file = "watchfiles-0.23.0-pp38-pypy38_pp73-manylinux_2_17_x86_64.manylinux2014_x86_64.whl", hash = "sha256:efadd40fca3a04063d40c4448c9303ce24dd6151dc162cfae4a2a060232ebdcb"},
    {file = "watchfiles-0.23.0-pp39-pypy39_pp73-macosx_10_12_x86_64.whl", hash = "sha256:556347b0abb4224c5ec688fc58214162e92a500323f50182f994f3ad33385dcb"},
    {file = "watchfiles-0.23.0-pp39-pypy39_pp73-macosx_11_0_arm64.whl", hash = "sha256:1cf7f486169986c4b9d34087f08ce56a35126600b6fef3028f19ca16d5889071"},
    {file = "watchfiles-0.23.0-pp39-pypy39_pp73-manylinux_2_17_aarch64.manylinux2014_aarch64.whl", hash = "sha256:f18de0f82c62c4197bea5ecf4389288ac755896aac734bd2cc44004c56e4ac47"},
    {file = "watchfiles-0.23.0-pp39-pypy39_pp73-manylinux_2_17_x86_64.manylinux2014_x86_64.whl", hash = "sha256:532e1f2c491274d1333a814e4c5c2e8b92345d41b12dc806cf07aaff786beb66"},
    {file = "watchfiles-0.23.0.tar.gz", hash = "sha256:9338ade39ff24f8086bb005d16c29f8e9f19e55b18dcb04dfa26fcbc09da497b"},
]

[package.dependencies]
anyio = ">=3.0.0"

[metadata]
lock-version = "2.0"
python-versions = "^3.12"
content-hash = "4a6080ad87e2beebee41bf3ea18430eb2e0e56816638253eaa9522a9b097b24e"
