version = 1
revision = 3
requires-python = ">=3.12"

[[package]]
name = "aiofiles"
version = "24.1.0"
source = { registry = "https://pypi.org/simple" }
sdist = { url = "https://files.pythonhosted.org/packages/0b/03/a88171e277e8caa88a4c77808c20ebb04ba74cc4681bf1e9416c862de237/aiofiles-24.1.0.tar.gz", hash = "sha256:22a075c9e5a3810f0c2e48f3008c94d68c65d763b9b03857924c99e57355166c", size = 30247, upload-time = "2024-06-24T11:02:03.584Z" }
wheels = [
    { url = "https://files.pythonhosted.org/packages/a5/45/30bb92d442636f570cb5651bc661f52b610e2eec3f891a5dc3a4c3667db0/aiofiles-24.1.0-py3-none-any.whl", hash = "sha256:b4ec55f4195e3eb5d7abd1bf7e061763e864dd4954231fb8539a0ef8bb8260e5", size = 15896, upload-time = "2024-06-24T11:02:01.529Z" },
]

[[package]]
name = "anyio"
version = "4.4.0"
source = { registry = "https://pypi.org/simple" }
dependencies = [
    { name = "idna" },
    { name = "sniffio" },
]
sdist = { url = "https://files.pythonhosted.org/packages/e6/e3/c4c8d473d6780ef1853d630d581f70d655b4f8d7553c6997958c283039a2/anyio-4.4.0.tar.gz", hash = "sha256:5aadc6a1bbb7cdb0bede386cac5e2940f5e2ff3aa20277e991cf028e0585ce94", size = 163930, upload-time = "2024-05-26T22:02:15.75Z" }
wheels = [
    { url = "https://files.pythonhosted.org/packages/7b/a2/10639a79341f6c019dedc95bd48a4928eed9f1d1197f4c04f546fc7ae0ff/anyio-4.4.0-py3-none-any.whl", hash = "sha256:c1b2d8f46a8a812513012e1107cb0e68c17159a7a594208005a57dc776e1bdc7", size = 86780, upload-time = "2024-05-26T22:02:13.671Z" },
]

[[package]]
name = "colorama"
version = "0.4.6"
source = { registry = "https://pypi.org/simple" }
sdist = { url = "https://files.pythonhosted.org/packages/d8/53/6f443c9a4a8358a93a6792e2acffb9d9d5cb0a5cfd8802644b7b1c9a02e4/colorama-0.4.6.tar.gz", hash = "sha256:08695f5cb7ed6e0531a20572697297273c47b8cae5a63ffc6d6ed5c201be6e44", size = 27697, upload-time = "2022-10-25T02:36:22.414Z" }
wheels = [
    { url = "https://files.pythonhosted.org/packages/d1/d6/3965ed04c63042e047cb6a3e6ed1a63a35087b6a609aa3a15ed8ac56c221/colorama-0.4.6-py2.py3-none-any.whl", hash = "sha256:4f1d9991f5acc0ca119f9d443620b77f9d6b33703e51011c16baf57afb285fc6", size = 25335, upload-time = "2022-10-25T02:36:20.889Z" },
]

[[package]]
name = "colored"
version = "2.3.1"
source = { registry = "https://pypi.org/simple" }
sdist = { url = "https://files.pythonhosted.org/packages/4a/32/b772def12071faf780dd14e8a95ec8eba4bf5934f302de3a3780b919859a/colored-2.3.1.tar.gz", hash = "sha256:fe6e888e12dc16643daa0b108f785df6d0b48420084b5d0a567de27bb09a14d8", size = 16046, upload-time = "2025-07-31T08:40:05.38Z" }
wheels = [
    { url = "https://files.pythonhosted.org/packages/e4/33/58702880fe6bb3ed91cb21e1c92b002f9b73e32c0c5e3e9e2c0a94eaac61/colored-2.3.1-py3-none-any.whl", hash = "sha256:15d85396d6841f79534bf4668330b5e8686a5e58e730c84ada0e09d335b21fd1", size = 19925, upload-time = "2025-07-31T08:40:03.859Z" },
]

[[package]]
name = "idna"
version = "3.8"
source = { registry = "https://pypi.org/simple" }
sdist = { url = "https://files.pythonhosted.org/packages/e8/ac/e349c5e6d4543326c6883ee9491e3921e0d07b55fdf3cce184b40d63e72a/idna-3.8.tar.gz", hash = "sha256:d838c2c0ed6fced7693d5e8ab8e734d5f8fda53a039c0164afb0b82e771e3603", size = 189467, upload-time = "2024-08-23T16:01:51.339Z" }
wheels = [
    { url = "https://files.pythonhosted.org/packages/22/7e/d71db821f177828df9dea8c42ac46473366f191be53080e552e628aad991/idna-3.8-py3-none-any.whl", hash = "sha256:050b4e5baadcd44d760cedbd2b8e639f2ff89bbc7a5730fcc662954303377aac", size = 66894, upload-time = "2024-08-23T16:01:49.963Z" },
]

[[package]]
name = "iniconfig"
version = "2.0.0"
source = { registry = "https://pypi.org/simple" }
sdist = { url = "https://files.pythonhosted.org/packages/d7/4b/cbd8e699e64a6f16ca3a8220661b5f83792b3017d0f79807cb8708d33913/iniconfig-2.0.0.tar.gz", hash = "sha256:2d91e135bf72d31a410b17c16da610a82cb55f6b0477d1a902134b24a455b8b3", size = 4646, upload-time = "2023-01-07T11:08:11.254Z" }
wheels = [
    { url = "https://files.pythonhosted.org/packages/ef/a6/62565a6e1cf69e10f5727360368e451d4b7f58beeac6173dc9db836a5b46/iniconfig-2.0.0-py3-none-any.whl", hash = "sha256:b6a85871a79d2e3b22d2d1b94ac2824226a63c6b741c88f7ae975f18b6778374", size = 5892, upload-time = "2023-01-07T11:08:09.864Z" },
]

[[package]]
name = "packaging"
version = "24.1"
source = { registry = "https://pypi.org/simple" }
sdist = { url = "https://files.pythonhosted.org/packages/51/65/50db4dda066951078f0a96cf12f4b9ada6e4b811516bf0262c0f4f7064d4/packaging-24.1.tar.gz", hash = "sha256:026ed72c8ed3fcce5bf8950572258698927fd1dbda10a5e981cdf0ac37f4f002", size = 148788, upload-time = "2024-06-09T23:19:24.956Z" }
wheels = [
    { url = "https://files.pythonhosted.org/packages/08/aa/cc0199a5f0ad350994d660967a8efb233fe0416e4639146c089643407ce6/packaging-24.1-py3-none-any.whl", hash = "sha256:5b8f2217dbdbd2f7f384c41c628544e6d52f2d0f53c6d0c3ea61aa5d1d7ff124", size = 53985, upload-time = "2024-06-09T23:19:21.909Z" },
]

[[package]]
name = "pluggy"
version = "1.5.0"
source = { registry = "https://pypi.org/simple" }
sdist = { url = "https://files.pythonhosted.org/packages/96/2d/02d4312c973c6050a18b314a5ad0b3210edb65a906f868e31c111dede4a6/pluggy-1.5.0.tar.gz", hash = "sha256:2cffa88e94fdc978c4c574f15f9e59b7f4201d439195c3715ca9e2486f1d0cf1", size = 67955, upload-time = "2024-04-20T21:34:42.531Z" }
wheels = [
    { url = "https://files.pythonhosted.org/packages/88/5f/e351af9a41f866ac3f1fac4ca0613908d9a41741cfcf2228f4ad853b697d/pluggy-1.5.0-py3-none-any.whl", hash = "sha256:44e1ad92c8ca002de6377e165f3e0f1be63266ab4d554740532335b9d75ea669", size = 20556, upload-time = "2024-04-20T21:34:40.434Z" },
]

[[package]]
name = "pygments"
version = "2.19.2"
source = { registry = "https://pypi.org/simple" }
sdist = { url = "https://files.pythonhosted.org/packages/b0/77/a5b8c569bf593b0140bde72ea885a803b82086995367bf2037de0159d924/pygments-2.19.2.tar.gz", hash = "sha256:636cb2477cec7f8952536970bc533bc43743542f70392ae026374600add5b887", size = 4968631, upload-time = "2025-06-21T13:39:12.283Z" }
wheels = [
    { url = "https://files.pythonhosted.org/packages/c7/21/705964c7812476f378728bdf590ca4b771ec72385c533964653c68e86bdc/pygments-2.19.2-py3-none-any.whl", hash = "sha256:86540386c03d588bb81d44bc3928634ff26449851e99741617ecb9037ee5ec0b", size = 1225217, upload-time = "2025-06-21T13:39:07.939Z" },
]

[[package]]
name = "pytest"
version = "9.1.1"
source = { registry = "https://pypi.org/simple" }
dependencies = [
    { name = "colorama", marker = "sys_platform == 'win32'" },
    { name = "iniconfig" },
    { name = "packaging" },
    { name = "pluggy" },
    { name = "pygments" },
]
sdist = { url = "https://files.pythonhosted.org/packages/e4/47/b9efed96c114afcfa3c9d3fe98a76a1d14c74a9e266d397cf6eb64be5e01/pytest-9.1.1.tar.gz", hash = "sha256:1088fbde8f2b49d95a549a195707afa7a76a3ce9bcadc26b6d71f0ffda5fe313", size = 1636369, upload-time = "2026-06-19T10:58:32.857Z" }
wheels = [
    { url = "https://files.pythonhosted.org/packages/24/25/1de2678b631f5a49215c6c96fff41ba892b0a34df68d6d80292b1b48aa7f/pytest-9.1.1-py3-none-any.whl", hash = "sha256:37a86b45efb9a47a61a36449063e8e18d0cab3161329fc099eb21783169c4f0c", size = 386536, upload-time = "2026-06-19T10:58:31.347Z" },
]

[[package]]
name = "pytest-rerunfailures"
version = "16.7"
source = { registry = "https://pypi.org/simple" }
dependencies = [
    { name = "packaging" },
    { name = "pytest" },
]
sdist = { url = "https://files.pythonhosted.org/packages/d1/b0/6b5337f9d59b26b0069ea3d5e863c31dc04b69e51bbfb1cf2ea6328fba87/pytest_rerunfailures-16.7.tar.gz", hash = "sha256:6956ddfb65ca1d07e7e3d99e2c5359d82300f4cb062e6049563bd2c106f72d5c", size = 59666, upload-time = "2026-09-17T07:08:48.871Z" }
wheels = [
    { url = "https://files.pythonhosted.org/packages/c1/d3/07ea35102cf2020ddaaac368d2a6f0bcc63d6523fb8918805bac3eb8b98f/pytest_rerunfailures-16.7-py3-none-any.whl", hash = "sha256:edf1886209c2b7dafe35b5bf1708d6ec40ccf6c6b357f0f02807efcec0204c99", size = 23952, upload-time = "2026-09-17T07:08:47.635Z" },
]

[[package]]
name = "ruff"
version = "0.16.8"
source = { registry = "https://pypi.org/simple" }
sdist = { url = "https://files.pythonhosted.org/packages/ba/78/449cb84790bd5cc3823b2652ee405a4558856e5c4195aee3a16bf7b3eb5d/ruff-0.16.8.tar.gz", hash = "sha256:9247bf92b5f04d825c8639a4fe423ec2e4222acd9222e58412b0dab7e442798b", size = 4938814, upload-time = "2026-09-16T15:54:46.688Z" }
wheels = [
    { url = "https://files.pythonhosted.org/packages/ac/25/6071aabc530e9be7e2c195e8fe3f7aea2735405b6cf447212832d7811831/ruff-0.16.8-py3-none-linux_armv6l.whl", hash = "sha256:6ffbd6d87383c1edf5f6fa890f10200950240d7c1a16052a19a09d3a2307dd38", size = 10048966, upload-time = "2026-09-16T15:53:57.605Z" },
    { url = "https://files.pythonhosted.org/packages/54/98/07f90ecbc74dd5fb5764f11f2bc774d6a7cffef92d2ff5f5b4e9e23c754e/ruff-0.16.8-py3-none-macosx_10_12_x86_64.whl", hash = "sha256:42ed6b878ed61e3acca92f2730a17acff39286944ea82398544696366a6f925e", size = 10165498, upload-time = "2026-09-16T15:54:01.14Z" },
    { url = "https://files.pythonhosted.org/packages/fe/1f/e6a712e3b47cad4a40600134105ed193cb773f618a42eb7ba323cb812cc0/ruff-0.16.8-py3-none-macosx_11_0_arm64.whl", hash = "sha256:7ea781c7f2afba8c6a505ea0fb3f994020249e0c450635f5381286fea6b46170", size = 9830004, upload-time = "2026-09-16T15:54:03.998Z" },
    { url = "https://files.pythonhosted.org/packages/23/f2/311a08776d75d81c7676e20b6b020ae63cbe881fcdc7a8dd64e6e18bdd93/ruff-0.16.8-py3-none-manylinux_2_17_aarch64.manylinux2014_aarch64.whl", hash = "sha256:8efeae3bbe414a5efefda11a792dfb51ef90ac48d50c4830de2f644caf3e8659", size = 9986558, upload-time = "2026-09-16T15:54:06.804Z" },
    { url = "https://files.pythonhosted.org/packages/f3/ed/37b6cb3d3ba8c73e68ae3eb1d502383beb5aa05a582bb7bb3a922f929f54/ruff-0.16.8-py3-none-manylinux_2_17_armv7l.manylinux2014_armv7l.whl", hash = "sha256:3a79b795469fef7fc6e908b218eed2eb17332afd85031db6480dc864560e69b2", size = 9877332, upload-time = "2026-09-16T15:54:09.552Z" },
    { url = "https://files.pythonhosted.org/packages/22/cc/40873a8f36ad084cc540d55fcca7077264d5b13b24659e9180c176fb2b08/ruff-0.16.8-py3-none-manylinux_2_17_i686.manylinux2014_i686.whl", hash = "sha256:3fdc5563cdc50555e6fba39322850860e9267c1b3d12c26a74729d8604c3c812", size = 10507125, upload-time = "2026-09-16T15:54:12.152Z" },
    { url = "https://files.pythonhosted.org/packages/c3/e4/fc91a642b78ccbab6b9477720f3644ae7a10a9bcce69a934679cd64f62bc/ruff-0.16.8-py3-none-manylinux_2_17_ppc64le.manylinux2014_ppc64le.whl", hash = "sha256:34508983c70665578dab88f5223d8e6228307e1135398ca8bfc8b7e9501e282b", size = 11336694, upload-time = "2026-09-16T15:54:15.489Z" },
    { url = "https://files.pythonhosted.org/packages/c2/3d/bbd2a9a600a4e73dc3e7548a249c8d1671273464b55822c6fae50f602dff/ruff-0.16.8-py3-none-manylinux_2_17_s390x.manylinux2014_s390x.whl", hash = "sha256:644bb578569e0ffc575741232bd385dacdd6fbe123f1a729e7a225f54aa3957f", size = 10774448, upload-time = "2026-09-16T15:54:18.16Z" },
    { url = "https://files.pythonhosted.org/packages/1a/41/d83af9879a7b6e8bf5fe16b1da0b134049d2f5d3afac12defb0897cb84bd/ruff-0.16.8-py3-none-manylinux_2_17_x86_64.manylinux2014_x86_64.whl", hash = "sha256:15e7d226246961db9235098333caa13063906d3851136b84c2900b82f5daa1df", size = 10323796, upload-time = "2026-09-16T15:54:20.743Z" },
    { url = "https://files.pythonhosted.org/packages/f5/2c/cefd07bfe914b84943ea769ade8d607bd22750b965d3228eefd7cebd15d0/ruff-0.16.8-py3-none-manylinux_2_31_riscv64.whl", hash = "sha256:a2bf6bc3e9ebdd4449abc6f06cf64b98051a2c61cf94d2fe9596518c881f1a1e", size = 10514115, upload-time = "2026-09-16T15:54:23.497Z" },
    { url = "https://files.pythonhosted.org/packages/f3/9d/76a2e26c79a23be6e6e3664c57bec9e9fc8de155cfb9e4b67ea91b64f9d7/ruff-0.16.8-py3-none-musllinux_1_2_aarch64.whl", hash = "sha256:6ca111ba0849539165e9e59d2b442542f3c1e8060ebbdea82494f1ffbccb1e1f", size = 10072582, upload-time = "2026-09-16T15:54:26.185Z" },
    { url = "https://files.pythonhosted.org/packages/2e/d4/f42edddb39668af1a559ceafa3823aedd65633a48dc9768e775485faa2c1/ruff-0.16.8-py3-none-musllinux_1_2_armv7l.whl", hash = "sha256:359a1e5b495448ee1e91018064382ebc86f90e8aac2fed222c7d0e4e8df85fd2", size = 9879644, upload-time = "2026-09-16T15:54:29.278Z" },
    { url = "https://files.pythonhosted.org/packages/f8/d4/913e3195d95e0378786c6656945c865f534a3560e29139da4882aff630d1/ruff-0.16.8-py3-none-musllinux_1_2_i686.whl", hash = "sha256:59e8f5681349474110b24d62e93cfda6593f5fa3473446ca3705200cac1a08b9", size = 10231569, upload-time = "2026-09-16T15:54:32.036Z" },
    { url = "https://files.pythonhosted.org/packages/2b/c4/8aa6ea0bdcedbd1bf87397e2fc4ed8406448ea5842f8660bc6e5f163039d/ruff-0.16.8-py3-none-musllinux_1_2_x86_64.whl", hash = "sha256:efa3e7a16d1baaa79957888dfdf8be9ef2e44db81cb032af06d76632ab59e773", size = 10663666, upload-time = "2026-09-16T15:54:34.838Z" },
    { url = "https://files.pythonhosted.org/packages/3d/02/7f10ef4700bc223c30a3fdd10631a29830c45524b810a3c7ed947af64591/ruff-0.16.8-py3-none-win32.whl", hash = "sha256:55793ba85c69921e89be061426d91a78652d6e50317c962240922747a4eb713f", size = 10093472, upload-time = "2026-09-16T15:54:37.47Z" },
    { url = "https://files.pythonhosted.org/packages/1e/5d/a509c07d714b6da88f2c518b4637cf6f1d46b074be8f0f1e5fb9ff5126fe/ruff-0.16.8-py3-none-win_amd64.whl", hash = "sha256:a6b85621fd3c81e31fc5f5add09c9c078b430db3595ca632efafdec9e64ebfaa", size = 10586899, upload-time = "2026-09-16T15:54:40.488Z" },
    { url = "https://files.pythonhosted.org/packages/fe/a0/50787329e4f20bf9dc9f6230015d46ec69c51a97ace5bc202dae4755365d/ruff-0.16.8-py3-none-win_arm64.whl", hash = "sha256:d075e820af612102ce217f07cc93e69f9490b10ec13ea85fa87bd03d996cef8a", size = 10386316, upload-time = "2026-09-16T15:54:43.332Z" },
]

[[package]]
name = "sniffio"
version = "1.3.1"
source = { registry = "https://pypi.org/simple" }
sdist = { url = "https://files.pythonhosted.org/packages/a2/87/a6771e1546d97e7e041b6ae58d80074f81b7d5121207425c964ddf5cfdbd/sniffio-1.3.1.tar.gz", hash = "sha256:f4324edc670a0f49750a81b895f35c3adb843cca46f0530f79fc1babb23789dc", size = 20372, upload-time = "2024-02-25T23:20:04.057Z" }
wheels = [
    { url = "https://files.pythonhosted.org/packages/e9/44/75a9c9421471a6c4805dbf2356f7c181a29c1879239abab1ea2cc8f38b40/sniffio-1.3.1-py3-none-any.whl", hash = "sha256:2f6da418d1f1e0fddd844478f41680e794e6051915791a034ff65e5f100525a2", size = 10235, upload-time = "2024-02-25T23:20:01.196Z" },
]

[[package]]
name = "tomli"
version = "2.4.1"
source = { registry = "https://pypi.org/simple" }
sdist = { url = "https://files.pythonhosted.org/packages/22/de/48c59722572767841493b26183a0d1cc411d54fd759c5607c4590b6563a6/tomli-2.4.1.tar.gz", hash = "sha256:7c7e1a961a0b2f2472c1ac5b69affa0ae1132c39adcb67aba98568702b9cc23f", size = 17543, upload-time = "2026-03-25T20:22:03.828Z" }
wheels = [
    { url = "https://files.pythonhosted.org/packages/c1/ba/42f134a3fe2b370f555f44b1d72feebb94debcab01676bf918d0cb70e9aa/tomli-2.4.1-cp312-cp312-macosx_10_13_x86_64.whl", hash = "sha256:c742f741d58a28940ce01d58f0ab2ea3ced8b12402f162f4d534dfe18ba1cd6a", size = 155924, upload-time = "2026-03-25T20:21:21.626Z" },
    { url = "https://files.pythonhosted.org/packages/dc/c7/62d7a17c26487ade21c5422b646110f2162f1fcc95980ef7f63e73c68f14/tomli-2.4.1-cp312-cp312-macosx_11_0_arm64.whl", hash = "sha256:7f86fd587c4ed9dd76f318225e7d9b29cfc5a9d43de44e5754db8d1128487085", size = 150018, upload-time = "2026-03-25T20:21:23.002Z" },
    { url = "https://files.pythonhosted.org/packages/5c/05/79d13d7c15f13bdef410bdd49a6485b1c37d28968314eabee452c22a7fda/tomli-2.4.1-cp312-cp312-manylinux2014_aarch64.manylinux_2_17_aarch64.manylinux_2_28_aarch64.whl", hash = "sha256:ff18e6a727ee0ab0388507b89d1bc6a22b138d1e2fa56d1ad494586d61d2eae9", size = 244948, upload-time = "2026-03-25T20:21:24.04Z" },
    { url = "https://files.pythonhosted.org/packages/10/90/d62ce007a1c80d0b2c93e02cab211224756240884751b94ca72df8a875ca/tomli-2.4.1-cp312-cp312-manylinux2014_x86_64.manylinux_2_17_x86_64.manylinux_2_28_x86_64.whl", hash = "sha256:136443dbd7e1dee43c68ac2694fde36b2849865fa258d39bf822c10e8068eac5", size = 253341, upload-time = "2026-03-25T20:21:25.177Z" },
    { url = "https://files.pythonhosted.org/packages/1a/7e/caf6496d60152ad4ed09282c1885cca4eea150bfd007da84aea07bcc0a3e/tomli-2.4.1-cp312-cp312-musllinux_1_2_aarch64.whl", hash = "sha256:5e262d41726bc187e69af7825504c933b6794dc3fbd5945e41a79bb14c31f585", size = 248159, upload-time = "2026-03-25T20:21:26.364Z" },
    { url = "https://files.pythonhosted.org/packages/99/e7/c6f69c3120de34bbd882c6fba7975f3d7a746e9218e56ab46a1bc4b42552/tomli-2.4.1-cp312-cp312-musllinux_1_2_x86_64.whl", hash = "sha256:5cb41aa38891e073ee49d55fbc7839cfdb2bc0e600add13874d048c94aadddd1", size = 253290, upload-time = "2026-03-25T20:21:27.46Z" },
    { url = "https://files.pythonhosted.org/packages/d6/2f/4a3c322f22c5c66c4b836ec58211641a4067364f5dcdd7b974b4c5da300c/tomli-2.4.1-cp312-cp312-win32.whl", hash = "sha256:da25dc3563bff5965356133435b757a795a17b17d01dbc0f42fb32447ddfd917", size = 98141, upload-time = "2026-03-25T20:21:28.492Z" },
    { url = "https://files.pythonhosted.org/packages/24/22/4daacd05391b92c55759d55eaee21e1dfaea86ce5c571f10083360adf534/tomli-2.4.1-cp312-cp312-win_amd64.whl", hash = "sha256:52c8ef851d9a240f11a88c003eacb03c31fc1c9c4ec64a99a0f922b93874fda9", size = 108847, upload-time = "2026-03-25T20:21:29.386Z" },
    { url = "https://files.pythonhosted.org/packages/68/fd/70e768887666ddd9e9f5d85129e84910f2db2796f9096aa02b721a53098d/tomli-2.4.1-cp312-cp312-win_arm64.whl", hash = "sha256:f758f1b9299d059cc3f6546ae2af89670cb1c4d48ea29c3cacc4fe7de3058257", size = 95088, upload-time = "2026-03-25T20:21:30.677Z" },
    { url = "https://files.pythonhosted.org/packages/07/06/b823a7e818c756d9a7123ba2cda7d07bc2dd32835648d1a7b7b7a05d848d/tomli-2.4.1-cp313-cp313-macosx_10_13_x86_64.whl", hash = "sha256:36d2bd2ad5fb9eaddba5226aa02c8ec3fa4f192631e347b3ed28186d43be6b54", size = 155866, upload-time = "2026-03-25T20:21:31.65Z" },
    { url = "https://files.pythonhosted.org/packages/14/6f/12645cf7f08e1a20c7eb8c297c6f11d31c1b50f316a7e7e1e1de6e2e7b7e/tomli-2.4.1-cp313-cp313-macosx_11_0_arm64.whl", hash = "sha256:eb0dc4e38e6a1fd579e5d50369aa2e10acfc9cace504579b2faabb478e76941a", size = 149887, upload-time = "2026-03-25T20:21:33.028Z" },
    { url = "https://files.pythonhosted.org/packages/5c/e0/90637574e5e7212c09099c67ad349b04ec4d6020324539297b634a0192b0/tomli-2.4.1-cp313-cp313-manylinux2014_aarch64.manylinux_2_17_aarch64.manylinux_2_28_aarch64.whl", hash = "sha256:c7f2c7f2b9ca6bdeef8f0fa897f8e05085923eb091721675170254cbc5b02897", size = 243704, upload-time = "2026-03-25T20:21:34.51Z" },
    { url = "https://files.pythonhosted.org/packages/10/8f/d3ddb16c5a4befdf31a23307f72828686ab2096f068eaf56631e136c1fdd/tomli-2.4.1-cp313-cp313-manylinux2014_x86_64.manylinux_2_17_x86_64.manylinux_2_28_x86_64.whl", hash = "sha256:f3c6818a1a86dd6dca7ddcaaf76947d5ba31aecc28cb1b67009a5877c9a64f3f", size = 251628, upload-time = "2026-03-25T20:21:36.012Z" },
    { url = "https://files.pythonhosted.org/packages/e3/f1/dbeeb9116715abee2485bf0a12d07a8f31af94d71608c171c45f64c0469d/tomli-2.4.1-cp313-cp313-musllinux_1_2_aarch64.whl", hash = "sha256:d312ef37c91508b0ab2cee7da26ec0b3ed2f03ce12bd87a588d771ae15dcf82d", size = 247180, upload-time = "2026-03-25T20:21:37.136Z" },
    { url = "https://files.pythonhosted.org/packages/d3/74/16336ffd19ed4da28a70959f92f506233bd7cfc2332b20bdb01591e8b1d1/tomli-2.4.1-cp313-cp313-musllinux_1_2_x86_64.whl", hash = "sha256:51529d40e3ca50046d7606fa99ce3956a617f9b36380da3b7f0dd3dd28e68cb5", size = 251674, upload-time = "2026-03-25T20:21:38.298Z" },
    { url = "https://files.pythonhosted.org/packages/16/f9/229fa3434c590ddf6c0aa9af64d3af4b752540686cace29e6281e3458469/tomli-2.4.1-cp313-cp313-win32.whl", hash = "sha256:2190f2e9dd7508d2a90ded5ed369255980a1bcdd58e52f7fe24b8162bf9fedbd", size = 97976, upload-time = "2026-03-25T20:21:39.316Z" },
    { url = "https://files.pythonhosted.org/packages/6a/1e/71dfd96bcc1c775420cb8befe7a9d35f2e5b1309798f009dca17b7708c1e/tomli-2.4.1-cp313-cp313-win_amd64.whl", hash = "sha256:8d65a2fbf9d2f8352685bc1364177ee3923d6baf5e7f43ea4959d7d8bc326a36", size = 108755, upload-time = "2026-03-25T20:21:40.248Z" },
    { url = "https://files.pythonhosted.org/packages/83/7a/d34f422a021d62420b78f5c538e5b102f62bea616d1d75a13f0a88acb04a/tomli-2.4.1-cp313-cp313-win_arm64.whl", hash = "sha256:4b605484e43cdc43f0954ddae319fb75f04cc10dd80d830540060ee7cd0243cd", size = 95265, upload-time = "2026-03-25T20:21:41.219Z" },
    { url = "https://files.pythonhosted.org/packages/3c/fb/9a5c8d27dbab540869f7c1f8eb0abb3244189ce780ba9cd73f3770662072/tomli-2.4.1-cp314-cp314-macosx_10_15_x86_64.whl", hash = "sha256:fd0409a3653af6c147209d267a0e4243f0ae46b011aa978b1080359fddc9b6cf", size = 155726, upload-time = "2026-03-25T20:21:42.23Z" },
    { url = "https://files.pythonhosted.org/packages/62/05/d2f816630cc771ad836af54f5001f47a6f611d2d39535364f148b6a92d6b/tomli-2.4.1-cp314-cp314-macosx_11_0_arm64.whl", hash = "sha256:a120733b01c45e9a0c34aeef92bf0cf1d56cfe81ed9d47d562f9ed591a9828ac", size = 149859, upload-time = "2026-03-25T20:21:43.386Z" },
    { url = "https://files.pythonhosted.org/packages/ce/48/66341bdb858ad9bd0ceab5a86f90eddab127cf8b046418009f2125630ecb/tomli-2.4.1-cp314-cp314-manylinux2014_aarch64.manylinux_2_17_aarch64.manylinux_2_28_aarch64.whl", hash = "sha256:559db847dc486944896521f68d8190be1c9e719fced785720d2216fe7022b662", size = 244713, upload-time = "2026-03-25T20:21:44.474Z" },
    { url = "https://files.pythonhosted.org/packages/df/6d/c5fad00d82b3c7a3ab6189bd4b10e60466f22cfe8a08a9394185c8a8111c/tomli-2.4.1-cp314-cp314-manylinux2014_x86_64.manylinux_2_17_x86_64.manylinux_2_28_x86_64.whl", hash = "sha256:01f520d4f53ef97964a240a035ec2a869fe1a37dde002b57ebc4417a27ccd853", size = 252084, upload-time = "2026-03-25T20:21:45.62Z" },
    { url = "https://files.pythonhosted.org/packages/00/71/3a69e86f3eafe8c7a59d008d245888051005bd657760e96d5fbfb0b740c2/tomli-2.4.1-cp314-cp314-musllinux_1_2_aarch64.whl", hash = "sha256:7f94b27a62cfad8496c8d2513e1a222dd446f095fca8987fceef261225538a15", size = 247973, upload-time = "2026-03-25T20:21:46.937Z" },
    { url = "https://files.pythonhosted.org/packages/67/50/361e986652847fec4bd5e4a0208752fbe64689c603c7ae5ea7cb16b1c0ca/tomli-2.4.1-cp314-cp314-musllinux_1_2_x86_64.whl", hash = "sha256:ede3e6487c5ef5d28634ba3f31f989030ad6af71edfb0055cbbd14189ff240ba", size = 256223, upload-time = "2026-03-25T20:21:48.467Z" },
    { url = "https://files.pythonhosted.org/packages/8c/9a/b4173689a9203472e5467217e0154b00e260621caa227b6fa01feab16998/tomli-2.4.1-cp314-cp314-win32.whl", hash = "sha256:3d48a93ee1c9b79c04bb38772ee1b64dcf18ff43085896ea460ca8dec96f35f6", size = 98973, upload-time = "2026-03-25T20:21:49.526Z" },
    { url = "https://files.pythonhosted.org/packages/14/58/640ac93bf230cd27d002462c9af0d837779f8773bc03dee06b5835208214/tomli-2.4.1-cp314-cp314-win_amd64.whl", hash = "sha256:88dceee75c2c63af144e456745e10101eb67361050196b0b6af5d717254dddf7", size = 109082, upload-time = "2026-03-25T20:21:50.506Z" },
    { url = "https://files.pythonhosted.org/packages/d5/2f/702d5e05b227401c1068f0d386d79a589bb12bf64c3d2c72ce0631e3bc49/tomli-2.4.1-cp314-cp314-win_arm64.whl", hash = "sha256:b8c198f8c1805dc42708689ed6864951fd2494f924149d3e4bce7710f8eb5232", size = 96490, upload-time = "2026-03-25T20:21:51.474Z" },
    { url = "https://files.pythonhosted.org/packages/45/4b/b877b05c8ba62927d9865dd980e34a755de541eb65fffba52b4cc495d4d2/tomli-2.4.1-cp314-cp314t-macosx_10_15_x86_64.whl", hash = "sha256:d4d8fe59808a54658fcc0160ecfb1b30f9089906c50b23bcb4c69eddc19ec2b4", size = 164263, upload-time = "2026-03-25T20:21:52.543Z" },
    { url = "https://files.pythonhosted.org/packages/24/79/6ab420d37a270b89f7195dec5448f79400d9e9c1826df982f3f8e97b24fd/tomli-2.4.1-cp314-cp314t-macosx_11_0_arm64.whl", hash = "sha256:7008df2e7655c495dd12d2a4ad038ff878d4ca4b81fccaf82b714e07eae4402c", size = 160736, upload-time = "2026-03-25T20:21:53.674Z" },
    { url = "https://files.pythonhosted.org/packages/02/e0/3630057d8eb170310785723ed5adcdfb7d50cb7e6455f85ba8a3deed642b/tomli-2.4.1-cp314-cp314t-manylinux2014_aarch64.manylinux_2_17_aarch64.manylinux_2_28_aarch64.whl", hash = "sha256:1d8591993e228b0c930c4bb0db464bdad97b3289fb981255d6c9a41aedc84b2d", size = 270717, upload-time = "2026-03-25T20:21:55.129Z" },
    { url = "https://files.pythonhosted.org/packages/7a/b4/1613716072e544d1a7891f548d8f9ec6ce2faf42ca65acae01d76ea06bb0/tomli-2.4.1-cp314-cp314t-manylinux2014_x86_64.manylinux_2_17_x86_64.manylinux_2_28_x86_64.whl", hash = "sha256:734e20b57ba95624ecf1841e72b53f6e186355e216e5412de414e3c51e5e3c41", size = 278461, upload-time = "2026-03-25T20:21:56.228Z" },
    { url = "https://files.pythonhosted.org/packages/05/38/30f541baf6a3f6df77b3df16b01ba319221389e2da59427e221ef417ac0c/tomli-2.4.1-cp314-cp314t-musllinux_1_2_aarch64.whl", hash = "sha256:8a650c2dbafa08d42e51ba0b62740dae4ecb9338eefa093aa5c78ceb546fcd5c", size = 274855, upload-time = "2026-03-25T20:21:57.653Z" },
    { url = "https://files.pythonhosted.org/packages/77/a3/ec9dd4fd2c38e98de34223b995a3b34813e6bdadf86c75314c928350ed14/tomli-2.4.1-cp314-cp314t-musllinux_1_2_x86_64.whl", hash = "sha256:504aa796fe0569bb43171066009ead363de03675276d2d121ac1a4572397870f", size = 283144, upload-time = "2026-03-25T20:21:59.089Z" },
    { url = "https://files.pythonhosted.org/packages/ef/be/605a6261cac79fba2ec0c9827e986e00323a1945700969b8ee0b30d85453/tomli-2.4.1-cp314-cp314t-win32.whl", hash = "sha256:b1d22e6e9387bf4739fbe23bfa80e93f6b0373a7f1b96c6227c32bef95a4d7a8", size = 108683, upload-time = "2026-03-25T20:22:00.214Z" },
    { url = "https://files.pythonhosted.org/packages/12/64/da524626d3b9cc40c168a13da8335fe1c51be12c0a63685cc6db7308daae/tomli-2.4.1-cp314-cp314t-win_amd64.whl", hash = "sha256:2c1c351919aca02858f740c6d33adea0c5deea37f9ecca1cc1ef9e884a619d26", size = 121196, upload-time = "2026-03-25T20:22:01.169Z" },
    { url = "https://files.pythonhosted.org/packages/5a/cd/e80b62269fc78fc36c9af5a6b89c835baa8af28ff5ad28c7028d60860320/tomli-2.4.1-cp314-cp314t-win_arm64.whl", hash = "sha256:eab21f45c7f66c13f2a9e0e1535309cee140182a9cdae1e041d02e47291e8396", size = 100393, upload-time = "2026-03-25T20:22:02.137Z" },
    { url = "https://files.pythonhosted.org/packages/7b/61/cceae43728b7de99d9b847560c262873a1f6c98202171fd5ed62640b494b/tomli-2.4.1-py3-none-any.whl", hash = "sha256:0d85819802132122da43cb86656f8d1f8c6587d54ae7dcaf30e90533028b49fe", size = 14583, upload-time = "2026-03-25T20:22:03.012Z" },
]

[[package]]
name = "ty"
version = "0.0.82"
source = { registry = "https://pypi.org/simple" }
sdist = { url = "https://files.pythonhosted.org/packages/f6/df/b9f35d0b8860f1bbfcb852fbef363301b5ca4b5590cadc6f2a810646d579/ty-0.0.82.tar.gz", hash = "sha256:586e3bf784cece42113929bb64b4761bed5c2127ae6cea294bb82da670066356", size = 7325958, upload-time = "2026-09-17T19:42:12.243Z" }
wheels = [
    { url = "https://files.pythonhosted.org/packages/31/0e/259760638b7b1a875743f1f3975253392932ff74397c8e174df7bfb143c3/ty-0.0.82-py3-none-linux_armv6l.whl", hash = "sha256:be58e089e317e1ada7a655216828e76d369386dc958f7a3b3d455ab6dc7f02b6", size = 13833734, upload-time = "2026-09-17T19:41:35.134Z" },
    { url = "https://files.pythonhosted.org/packages/70/f6/c8a1f70989cf44cf2cada5527e268b4216015a7f28f1d8817e4ef1e84a52/ty-0.0.82-py3-none-macosx_10_12_x86_64.whl", hash = "sha256:c080ba9a816cfbb3e34c0d3a0071829c602d14bb992bc799d885d4b30008b4ab", size = 13449689, upload-time = "2026-09-17T19:41:37.65Z" },
    { url = "https://files.pythonhosted.org/packages/d5/eb/31fc4bdecb2ff0053443d4ec1e6719a3f3171636ad6da7a8a642c879a4f4/ty-0.0.82-py3-none-macosx_11_0_arm64.whl", hash = "sha256:4f08bd5b751c3b2c46eabe8aee890e7fa54e3bcd97ffa4b8338b0a2508d928c2", size = 13410140, upload-time = "2026-09-17T19:41:40.024Z" },
    { url = "https://files.pythonhosted.org/packages/e7/14/e2af8c64004cd891691915b1522f105a5d601dd8d76a635fec112911f251/ty-0.0.82-py3-none-manylinux_2_17_aarch64.manylinux2014_aarch64.whl", hash = "sha256:7f5ef0401743c2eeac8039ef9ff1bc5dd612bd17ed0259b9b0794e19696548a6", size = 13435552, upload-time = "2026-09-17T19:41:42.084Z" },
    { url = "https://files.pythonhosted.org/packages/52/92/b9519a7854189aa8da4309ecb9c6ff5ab8ac91a433e201322b15c98f9388/ty-0.0.82-py3-none-manylinux_2_17_armv7l.manylinux2014_armv7l.whl", hash = "sha256:c899643f2a4c1782c06a4bf4959909d1aa2d9d2cac7c1ac3de3161dfcb6909f8", size = 13601427, upload-time = "2026-09-17T19:41:44.242Z" },
    { url = "https://files.pythonhosted.org/packages/ce/be/0c7a39e277a25bca21bbd2dcf640eb4d80cf98f318ef611092cda1222399/ty-0.0.82-py3-none-manylinux_2_17_i686.manylinux2014_i686.whl", hash = "sha256:b7aa6e4e157c6e0b770c327a5d966371b2a7bc7ad4f22d662ac068623cba00eb", size = 14457370, upload-time = "2026-09-17T19:41:46.405Z" },
    { url = "https://files.pythonhosted.org/packages/6f/33/86ff8f1e15c71096838eb0fdfe0f5b578dc717575de6cba591d96baf3b06/ty-0.0.82-py3-none-manylinux_2_17_ppc64le.manylinux2014_ppc64le.whl", hash = "sha256:28c141ab481748f1b889eb572e803172ea452af621e514c30a2f30884753b020", size = 14888674, upload-time = "2026-09-17T19:41:48.6Z" },
    { url = "https://files.pythonhosted.org/packages/0a/d2/a1c6315907afd080b4e98d2972441b4803a70c9663a8c7a7f6fd554c7361/ty-0.0.82-py3-none-manylinux_2_17_s390x.manylinux2014_s390x.whl", hash = "sha256:16fff2729fbaa3998ba1cab536dc7d176aef28927b09200588e50982394c56df", size = 14670369, upload-time = "2026-09-17T19:41:50.963Z" },
    { url = "https://files.pythonhosted.org/packages/ae/cd/956ceae4dbe0b116ebc9ecb75dcbe9a0294c50146f76c4c59004e6eb2d77/ty-0.0.82-py3-none-manylinux_2_17_x86_64.manylinux2014_x86_64.whl", hash = "sha256:c2024a33209b37525ffa85a29036985e9ef53a013c0ff321231bd8b23987cf71", size = 14107030, upload-time = "2026-09-17T19:41:53.343Z" },
    { url = "https://files.pythonhosted.org/packages/b7/f8/6025627cec4d6370fb34a2c5cdcf36d89dd4e4ac75b023bda68231e17dfc/ty-0.0.82-py3-none-manylinux_2_31_riscv64.whl", hash = "sha256:14a0ae8591e08aca5911b545d100e51c9b796350a85b2b36d82219820552d662", size = 14485892, upload-time = "2026-09-17T19:41:55.745Z" },
    { url = "https://files.pythonhosted.org/packages/3a/b6/016f9b36096a9ccd0492ee000380bd75fb51dc4ec7bfef4d6d93f6b3ec2e/ty-0.0.82-py3-none-musllinux_1_2_aarch64.whl", hash = "sha256:2964202b09108c72232760119c2680cefc33191c428b09e6f620b6c0ab9c6b0f", size = 13383907, upload-time = "2026-09-17T19:41:57.937Z" },
    { url = "https://files.pythonhosted.org/packages/b4/19/1ccc2429399d6ef3d98180340c7abc6793bd90c5039ad41a9003cb8de6df/ty-0.0.82-py3-none-musllinux_1_2_armv7l.whl", hash = "sha256:f4ed8fc714e35dc11ef4209832e73ad461cf29c9161099eb6c2c541c6b9a3e0e", size = 13617005, upload-time = "2026-09-17T19:42:00.018Z" },
    { url = "https://files.pythonhosted.org/packages/d7/9d/a4a487db72e78413bba2ee9cd49f79b8f461be93e7f6c4dd790febae1cd7/ty-0.0.82-py3-none-musllinux_1_2_i686.whl", hash = "sha256:32a3fe7b1a50f20679fe76c85c0087280419365d900300898a7b95cbcfe510fc", size = 13906545, upload-time = "2026-09-17T19:42:01.942Z" },
    { url = "https://files.pythonhosted.org/packages/0c/4e/a58d530c0f5abe7b846e2d05af9e3f1fb44a1b620ae0abe3892cd3f9596c/ty-0.0.82-py3-none-musllinux_1_2_x86_64.whl", hash = "sha256:f751044ae63ea9e73ce2eae4c23a839efa4a04d6487d6ea411a590fbe43360b6", size = 14248518, upload-time = "2026-09-17T19:42:04.164Z" },
    { url = "https://files.pythonhosted.org/packages/a6/db/5505229835171d19adcaaeec3a15e0b533b578d24de1329db5da9306c4c6/ty-0.0.82-py3-none-win32.whl", hash = "sha256:0eb66c5ce58434a48d2cae2780d25285c7ca19e07a0d38b1fe39d1a0f75d6fa3", size = 13059890, upload-time = "2026-09-17T19:42:06.161Z" },
    { url = "https://files.pythonhosted.org/packages/13/22/faa427b65baf39915f52a6fa079ece4253e831f3364c567bf91bc1eef65a/ty-0.0.82-py3-none-win_amd64.whl", hash = "sha256:1e4a6c1ca2dc1a6929517d73a47cd626989bb8bd67811425fbe022d06eb2bf73", size = 14003730, upload-time = "2026-09-17T19:42:08.268Z" },
    { url = "https://files.pythonhosted.org/packages/8b/fc/3b95100993d28acb2f3bcf3a49846985f5b2aafab6562627d018f6d23788/ty-0.0.82-py3-none-win_arm64.whl", hash = "sha256:a6f0e8a1f961518746edbccc5986945c01a56a917ebe37117aa028a038d54ae3", size = 13567713, upload-time = "2026-09-17T19:42:10.248Z" },
]

[[package]]
name = "typing-extensions"
version = "4.15.0"
source = { registry = "https://pypi.org/simple" }
sdist = { url = "https://files.pythonhosted.org/packages/72/94/1a15dd82efb362ac84269196e94cf00f187f7ed21c242792a923cdb1c61f/typing_extensions-4.15.0.tar.gz", hash = "sha256:0cea48d173cc12fa28ecabc3b837ea3cf6f38c6d1136f85cbaaf598984861466", size = 109391, upload-time = "2025-08-25T13:49:26.313Z" }
wheels = [
    { url = "https://files.pythonhosted.org/packages/18/67/36e9267722cc04a6b9f15c7f3441c2363321a3ea07da7ae0c0707beb2a9c/typing_extensions-4.15.0-py3-none-any.whl", hash = "sha256:f0fa19c6845758ab08074a0cfa8b7aecb71c999ca73d62883bc25cc018c4e548", size = 44614, upload-time = "2025-08-25T13:49:24.86Z" },
]

[[package]]
name = "watchfiles"
version = "1.3.0"
source = { registry = "https://pypi.org/simple" }
dependencies = [
    { name = "anyio" },
]
sdist = { url = "https://files.pythonhosted.org/packages/b3/68/e6aa0b77d217b31f8f486ec0cdfe5e00e6e38dc0be657e7d85819b9faf0a/watchfiles-1.3.0.tar.gz", hash = "sha256:99aee4a07847c06820765fd7b1b49ceac4f3f711ccb7d104655a33231de1c207", size = 108119, upload-time = "2026-09-21T09:08:55.664Z" }
wheels = [
    { url = "https://files.pythonhosted.org/packages/68/fa/c0b840d5d8bafe640925408ce11095948c8945bb61be1e67d0ab629b872a/watchfiles-1.3.0-cp310-abi3-macosx_10_12_x86_64.whl", hash = "sha256:000b9688fc8133037a8b075c8ebf98f32844ff8964dda61e85c1db547dafc441", size = 399703, upload-time = "2026-09-21T09:08:13.518Z" },
    { url = "https://files.pythonhosted.org/packages/c7/8a/894799b485fe9473ad10422a0d9668e53fb78e3a2b5cc6061159572844ad/watchfiles-1.3.0-cp310-abi3-macosx_11_0_arm64.whl", hash = "sha256:bbc1198edfdc90fda0600f825aa94150f428dfcbf8138746f55998e0e660d64c", size = 397647, upload-time = "2026-09-21T09:08:15.16Z" },
    { url = "https://files.pythonhosted.org/packages/5a/61/f277cd5ead05f5d37b98b41fbdd0c943ee0c04d49738f62e902cb291cf43/watchfiles-1.3.0-cp310-abi3-manylinux_2_17_aarch64.manylinux2014_aarch64.whl", hash = "sha256:4af9c464d410e8c44b58ddf1cbec7c3a02c1cb2c6c80df9c74659ba2fbda0ab5", size = 454994, upload-time = "2026-09-21T09:08:16.587Z" },
    { url = "https://files.pythonhosted.org/packages/46/66/ea4c01382975e53b1ac1b0a0ea1b353416b8127fb6e04f5c1c313119aab6/watchfiles-1.3.0-cp310-abi3-manylinux_2_17_armv7l.manylinux2014_armv7l.whl", hash = "sha256:eb94e40b9a0db19636b5e3fed0a9803452ecc7381df13b385272abb779ee83ca", size = 460105, upload-time = "2026-09-21T09:08:17.961Z" },
    { url = "https://files.pythonhosted.org/packages/31/c3/1a501b597817096c9831c255f6270c124ce0e2faeb74124be24dcc93b86d/watchfiles-1.3.0-cp310-abi3-manylinux_2_17_i686.manylinux2014_i686.whl", hash = "sha256:7398930a2b76b9dc67a4e6b8bfc7baf30946892a86f417a3920c07bdd6febc30", size = 493761, upload-time = "2026-09-21T09:08:19.327Z" },
    { url = "https://files.pythonhosted.org/packages/5a/16/77352d05e152c7786a016e9f1decdb4507e8aa5bcf3343c72142a0413d14/watchfiles-1.3.0-cp310-abi3-manylinux_2_17_ppc64le.manylinux2014_ppc64le.whl", hash = "sha256:025b108f2d5cc2799cb941f79380df3e8b22bfb589c218e801767fe78d598c95", size = 577500, upload-time = "2026-09-21T09:08:20.723Z" },
    { url = "https://files.pythonhosted.org/packages/95/fe/81001c55b24466fe9911135e50269fd3a29f43e446627a92adfab54553b6/watchfiles-1.3.0-cp310-abi3-manylinux_2_17_s390x.manylinux2014_s390x.whl", hash = "sha256:be9ef3cd403d756a304a0a08a112163c63da7ec72c8c9d083c98818291ff8f29", size = 469209, upload-time = "2026-09-21T09:08:22.346Z" },
    { url = "https://files.pythonhosted.org/packages/8a/cf/e3ad894ed5909a7c44b0707e89bc25d19a3d78b3a7aec846119443b6ae56/watchfiles-1.3.0-cp310-abi3-manylinux_2_17_x86_64.manylinux2014_x86_64.whl", hash = "sha256:b5768b49e426fd5b550b012c866db347cdf15c398ef98dc557b6e6b72fa74cd1", size = 458353, upload-time = "2026-09-21T09:08:23.7Z" },
    { url = "https://files.pythonhosted.org/packages/7f/f5/2f106829e6e2bc91ad74614730f6df484202b9a4d20d927dbf2f08d37d44/watchfiles-1.3.0-cp310-abi3-manylinux_2_31_riscv64.whl", hash = "sha256:d36c72fcdc08f143d87316a4c4c3b064e340da2c7383d39803950740ed418935", size = 468707, upload-time = "2026-09-21T09:08:25.167Z" },
    { url = "https://files.pythonhosted.org/packages/15/37/2741ab776b978669c1f3bba1e573f1a184f727ab8b4d3a6d9c61090800ed/watchfiles-1.3.0-cp310-abi3-musllinux_1_1_aarch64.whl", hash = "sha256:f0c9865240e065a2247f4b5248528ae3d01e0e8ae071462c250c884dc16e3ee3", size = 632510, upload-time = "2026-09-21T09:08:26.532Z" },
    { url = "https://files.pythonhosted.org/packages/48/64/db4a4684275fe9b696ee5118c194705c1423b3d42181c3f8ee70194d5c73/watchfiles-1.3.0-cp310-abi3-musllinux_1_1_x86_64.whl", hash = "sha256:380f513d26cc2e598266b88d66456e07d67ef4be8f0f435a1154d9c44b43d509", size = 661723, upload-time = "2026-09-21T09:08:28.004Z" },
    { url = "https://files.pythonhosted.org/packages/52/80/95ddb24f6a2f595c031c24432ab7b8aa7d6d1ada0c6d63a552166e06e8d1/watchfiles-1.3.0-cp310-abi3-win32.whl", hash = "sha256:509d9f74d2bec5c1f4cd868ddcfe0c9601f7ea53066dfcb19d8ede742c4de661", size = 277761, upload-time = "2026-09-21T09:08:29.335Z" },
    { url = "https://files.pythonhosted.org/packages/48/a1/1c4a1b3c8030cd03206232612be8a6e8799093490c220b0fcb935d02b75a/watchfiles-1.3.0-cp310-abi3-win_amd64.whl", hash = "sha256:1acabde19b67e673274e89a04d613b7fb1f122e2c4b8ec9a581e59c149264b61", size = 290643, upload-time = "2026-09-21T09:08:30.45Z" },
    { url = "https://files.pythonhosted.org/packages/82/e0/d2db577c632d26d08078c4390dd870b8555c4e558df25d22270f0166c71f/watchfiles-1.3.0-cp310-abi3-win_arm64.whl", hash = "sha256:d978cc1dd7ba44f5590d7de74f7a9c8be7262d9e469c2c0efb8bbfc2574321dc", size = 285510, upload-time = "2026-09-21T09:08:31.561Z" },
    { url = "https://files.pythonhosted.org/packages/4f/55/a122743607939429ab6a7272672f49303aa02bbd34c3f06676765a3861de/watchfiles-1.3.0-cp314-cp314t-macosx_10_12_x86_64.whl", hash = "sha256:e0204f90677b7fb8d3a824279a71a01166bea9f6e53923b8056592d87b33b0b6", size = 395978, upload-time = "2026-09-21T09:08:32.747Z" },
    { url = "https://files.pythonhosted.org/packages/3e/9d/0ee1b0ea42acfe72afa2484f0222e2386dd09992e9034a81e63cc3cdab0a/watchfiles-1.3.0-cp314-cp314t-macosx_11_0_arm64.whl", hash = "sha256:7c1125e99f84934a92996ae343501285617373acd66f16b59fd5654b27ad8d80", size = 387997, upload-time = "2026-09-21T09:08:33.953Z" },
    { url = "https://files.pythonhosted.org/packages/b7/f2/4319c6b683e8bd28465dfc53c750617a2a07f072eb2e3ab0182ccf812229/watchfiles-1.3.0-cp314-cp314t-manylinux_2_17_aarch64.manylinux2014_aarch64.whl", hash = "sha256:a85e243c87109d9f48a2e0d10d6abdee8768cc114848b32281ec83d7f81d86ef", size = 448067, upload-time = "2026-09-21T09:08:35.104Z" },
    { url = "https://files.pythonhosted.org/packages/b7/71/9f37ac192a51a24de3a2d7fe9aac1e99b2b2668300674ff7a9f85d95beb1/watchfiles-1.3.0-cp314-cp314t-manylinux_2_17_armv7l.manylinux2014_armv7l.whl", hash = "sha256:dd538c71766c59c732e2c5cedc39323c99c11897b99f93eac773438e54af206a", size = 452881, upload-time = "2026-09-21T09:08:36.238Z" },
    { url = "https://files.pythonhosted.org/packages/34/07/1224667c32a4a96876ddd642da69733cbfe6a15897db0865aec5a882cebc/watchfiles-1.3.0-cp314-cp314t-manylinux_2_17_i686.manylinux2014_i686.whl", hash = "sha256:da213822ec9082b62cadf3008e07a8c690ec7a3c89f6dc5e55a8cf07b56a1b26", size = 484802, upload-time = "2026-09-21T09:08:37.717Z" },
    { url = "https://files.pythonhosted.org/packages/bd/4d/7f29cd87e1f826df86fc0418d0b8f370ca0311c29c618406dc492aad9951/watchfiles-1.3.0-cp314-cp314t-manylinux_2_17_ppc64le.manylinux2014_ppc64le.whl", hash = "sha256:d4593392e87669836670f87d62fc754059eaeb0e6157af44060a46558cebe5a3", size = 567522, upload-time = "2026-09-21T09:08:38.94Z" },
    { url = "https://files.pythonhosted.org/packages/e3/ac/3aa1f84abd4dbbfbae99a817dd931f77b439261c911189cad4c30fdfd470/watchfiles-1.3.0-cp314-cp314t-manylinux_2_17_s390x.manylinux2014_s390x.whl", hash = "sha256:26b81bc515a0f03f66a69a6fea86eea54c8eca4173c46dd7222569f79dd2f977", size = 461997, upload-time = "2026-09-21T09:08:40.142Z" },
    { url = "https://files.pythonhosted.org/packages/82/1c/27c66764d5b0dbb70a36770a32eca217eba739c28b24e8583a035087a3d7/watchfiles-1.3.0-cp314-cp314t-manylinux_2_17_x86_64.manylinux2014_x86_64.whl", hash = "sha256:ca39661934749df580d89f3dde266f2af7c6968f4c21c72ce2dc387d299e6aa7", size = 451856, upload-time = "2026-09-21T09:08:41.305Z" },
    { url = "https://files.pythonhosted.org/packages/1e/b3/a45827084d953c1d0dd3d75abf85dcac26a0f5d115ad2fe0b7e9e931573b/watchfiles-1.3.0-cp314-cp314t-manylinux_2_31_riscv64.whl", hash = "sha256:04c5500faa725d69a99b0f63750e80795e455bb951849e9c98a811b4324997c4", size = 459889, upload-time = "2026-09-21T09:08:42.58Z" },
    { url = "https://files.pythonhosted.org/packages/7a/3d/07740d23ce2bb23419bb24055c435a9abe5fe03efdaea1ba0720b831aab6/watchfiles-1.3.0-cp314-cp314t-musllinux_1_1_aarch64.whl", hash = "sha256:ec3cd4bb181a7b6329134204c2277c7144ab5f62cce9c5335d6f901ee7ce8d6a", size = 624482, upload-time = "2026-09-21T09:08:44.064Z" },
    { url = "https://files.pythonhosted.org/packages/91/46/9540f8123eaec86df989f26d7704cad0448d9fb7271763a4f8f9fe23617d/watchfiles-1.3.0-cp314-cp314t-musllinux_1_1_x86_64.whl", hash = "sha256:e5871d4a7f788a9f64fb06f5793389d29d171e5c32d37c3ebfd520b017cc7694", size = 653724, upload-time = "2026-09-21T09:08:45.257Z" },
    { url = "https://files.pythonhosted.org/packages/25/9d/b9deb52f1e4528ffe44338c5ebab95c32ed79203082da661de50288e130a/watchfiles-1.3.0-cp314-cp314t-win32.whl", hash = "sha256:81c989d7267bfb7b676cd32c83bec97914e396870983cbf493e29415037bff5e", size = 270863, upload-time = "2026-09-21T09:08:46.518Z" },
    { url = "https://files.pythonhosted.org/packages/59/59/8b1881afccbafda06248be4185e28034dd73c80c85e4da24f2cb0c1321eb/watchfiles-1.3.0-cp314-cp314t-win_amd64.whl", hash = "sha256:d754e049006e81a9be49dc78ba7802081cee426e968cbc63ee19e164fa2d0e39", size = 286879, upload-time = "2026-09-21T09:08:47.874Z" },
    { url = "https://files.pythonhosted.org/packages/46/dd/41c12ae9745d5d72f709333287679d71cbba68ad7678fed872207bba94f4/watchfiles-1.3.0-cp314-cp314t-win_arm64.whl", hash = "sha256:a5b631db08fd3032db57ec6a92d1777cd60f88803287e4e941a4858c53aab1e0", size = 276924, upload-time = "2026-09-21T09:08:48.976Z" },
]

[[package]]
name = "watchfs"
version = "0.2.0"
source = { editable = "." }
dependencies = [
    { name = "aiofiles" },
    { name = "colored" },
    { name = "typing-extensions" },
    { name = "watchfiles" },
]

[package.dev-dependencies]
dev = [
    { name = "pytest" },
    { name = "pytest-rerunfailures" },
    { name = "ruff" },
    { name = "tomli" },
    { name = "ty" },
]

[package.metadata]
requires-dist = [
    { name = "aiofiles", specifier = ">=24.1.0" },
    { name = "colored", specifier = ">=2.3.1" },
    { name = "typing-extensions", specifier = ">=4.15.0" },
    { name = "watchfiles", specifier = ">=1.3.0" },
]

[package.metadata.requires-dev]
dev = [
    { name = "pytest", specifier = ">=9.1.1" },
    { name = "pytest-rerunfailures", specifier = ">=16.7" },
    { name = "ruff", specifier = ">=0.16.8" },
    { name = "tomli", specifier = ">=2.4.1" },
    { name = "ty", specifier = ">=0.0.82,<0.0.83" },
]
