version = 1
requires-python = ">=3.12"

[[package]]
name = "aiofiles"
version = "24.1.0"
source = { registry = "https://pypi.org/simple" }
sdist = { url = "https://files.pythonhosted.org/packages/0b/03/a88171e277e8caa88a4c77808c20ebb04ba74cc4681bf1e9416c862de237/aiofiles-24.1.0.tar.gz", hash = "sha256:22a075c9e5a3810f0c2e48f3008c94d68c65d763b9b03857924c99e57355166c", size = 30247 }
wheels = [
    { url = "https://files.pythonhosted.org/packages/a5/45/30bb92d442636f570cb5651bc661f52b610e2eec3f891a5dc3a4c3667db0/aiofiles-24.1.0-py3-none-any.whl", hash = "sha256:b4ec55f4195e3eb5d7abd1bf7e061763e864dd4954231fb8539a0ef8bb8260e5", size = 15896 },
]

[[package]]
name = "anyio"
version = "4.4.0"
source = { registry = "https://pypi.org/simple" }
dependencies = [
    { name = "idna" },
    { name = "sniffio" },
]
sdist = { url = "https://files.pythonhosted.org/packages/e6/e3/c4c8d473d6780ef1853d630d581f70d655b4f8d7553c6997958c283039a2/anyio-4.4.0.tar.gz", hash = "sha256:5aadc6a1bbb7cdb0bede386cac5e2940f5e2ff3aa20277e991cf028e0585ce94", size = 163930 }
wheels = [
    { url = "https://files.pythonhosted.org/packages/7b/a2/10639a79341f6c019dedc95bd48a4928eed9f1d1197f4c04f546fc7ae0ff/anyio-4.4.0-py3-none-any.whl", hash = "sha256:c1b2d8f46a8a812513012e1107cb0e68c17159a7a594208005a57dc776e1bdc7", size = 86780 },
]

[[package]]
name = "colorama"
version = "0.4.6"
source = { registry = "https://pypi.org/simple" }
sdist = { url = "https://files.pythonhosted.org/packages/d8/53/6f443c9a4a8358a93a6792e2acffb9d9d5cb0a5cfd8802644b7b1c9a02e4/colorama-0.4.6.tar.gz", hash = "sha256:08695f5cb7ed6e0531a20572697297273c47b8cae5a63ffc6d6ed5c201be6e44", size = 27697 }
wheels = [
    { url = "https://files.pythonhosted.org/packages/d1/d6/3965ed04c63042e047cb6a3e6ed1a63a35087b6a609aa3a15ed8ac56c221/colorama-0.4.6-py2.py3-none-any.whl", hash = "sha256:4f1d9991f5acc0ca119f9d443620b77f9d6b33703e51011c16baf57afb285fc6", size = 25335 },
]

[[package]]
name = "colored"
version = "2.2.4"
source = { registry = "https://pypi.org/simple" }
sdist = { url = "https://files.pythonhosted.org/packages/2f/98/4d4546307039955eec131cf9538732fb7a28d2db2090cd1d4e4a135829e1/colored-2.2.4.tar.gz", hash = "sha256:595e1dd7f3b472ea5f12af21d2fec8a2ea2cf8f9d93e67180197330b26df9b61", size = 13202 }
wheels = [
    { url = "https://files.pythonhosted.org/packages/75/d1/548f697f88872321525e294f8863efbdd1c313964b7f94e49ab0dc4f2895/colored-2.2.4-py3-none-any.whl", hash = "sha256:a7069673bd90a35f46cb748d012c17284a0668d2f1c06bc7a51822a2d5ad2112", size = 16109 },
]

[[package]]
name = "idna"
version = "3.8"
source = { registry = "https://pypi.org/simple" }
sdist = { url = "https://files.pythonhosted.org/packages/e8/ac/e349c5e6d4543326c6883ee9491e3921e0d07b55fdf3cce184b40d63e72a/idna-3.8.tar.gz", hash = "sha256:d838c2c0ed6fced7693d5e8ab8e734d5f8fda53a039c0164afb0b82e771e3603", size = 189467 }
wheels = [
    { url = "https://files.pythonhosted.org/packages/22/7e/d71db821f177828df9dea8c42ac46473366f191be53080e552e628aad991/idna-3.8-py3-none-any.whl", hash = "sha256:050b4e5baadcd44d760cedbd2b8e639f2ff89bbc7a5730fcc662954303377aac", size = 66894 },
]

[[package]]
name = "iniconfig"
version = "2.0.0"
source = { registry = "https://pypi.org/simple" }
sdist = { url = "https://files.pythonhosted.org/packages/d7/4b/cbd8e699e64a6f16ca3a8220661b5f83792b3017d0f79807cb8708d33913/iniconfig-2.0.0.tar.gz", hash = "sha256:2d91e135bf72d31a410b17c16da610a82cb55f6b0477d1a902134b24a455b8b3", size = 4646 }
wheels = [
    { url = "https://files.pythonhosted.org/packages/ef/a6/62565a6e1cf69e10f5727360368e451d4b7f58beeac6173dc9db836a5b46/iniconfig-2.0.0-py3-none-any.whl", hash = "sha256:b6a85871a79d2e3b22d2d1b94ac2824226a63c6b741c88f7ae975f18b6778374", size = 5892 },
]

[[package]]
name = "nodeenv"
version = "1.9.1"
source = { registry = "https://pypi.org/simple" }
sdist = { url = "https://files.pythonhosted.org/packages/43/16/fc88b08840de0e0a72a2f9d8c6bae36be573e475a6326ae854bcc549fc45/nodeenv-1.9.1.tar.gz", hash = "sha256:6ec12890a2dab7946721edbfbcd91f3319c6ccc9aec47be7c7e6b7011ee6645f", size = 47437 }
wheels = [
    { url = "https://files.pythonhosted.org/packages/d2/1d/1b658dbd2b9fa9c4c9f32accbfc0205d532c8c6194dc0f2a4c0428e7128a/nodeenv-1.9.1-py2.py3-none-any.whl", hash = "sha256:ba11c9782d29c27c70ffbdda2d7415098754709be8a7056d79a737cd901155c9", size = 22314 },
]

[[package]]
name = "packaging"
version = "24.1"
source = { registry = "https://pypi.org/simple" }
sdist = { url = "https://files.pythonhosted.org/packages/51/65/50db4dda066951078f0a96cf12f4b9ada6e4b811516bf0262c0f4f7064d4/packaging-24.1.tar.gz", hash = "sha256:026ed72c8ed3fcce5bf8950572258698927fd1dbda10a5e981cdf0ac37f4f002", size = 148788 }
wheels = [
    { url = "https://files.pythonhosted.org/packages/08/aa/cc0199a5f0ad350994d660967a8efb233fe0416e4639146c089643407ce6/packaging-24.1-py3-none-any.whl", hash = "sha256:5b8f2217dbdbd2f7f384c41c628544e6d52f2d0f53c6d0c3ea61aa5d1d7ff124", size = 53985 },
]

[[package]]
name = "pluggy"
version = "1.5.0"
source = { registry = "https://pypi.org/simple" }
sdist = { url = "https://files.pythonhosted.org/packages/96/2d/02d4312c973c6050a18b314a5ad0b3210edb65a906f868e31c111dede4a6/pluggy-1.5.0.tar.gz", hash = "sha256:2cffa88e94fdc978c4c574f15f9e59b7f4201d439195c3715ca9e2486f1d0cf1", size = 67955 }
wheels = [
    { url = "https://files.pythonhosted.org/packages/88/5f/e351af9a41f866ac3f1fac4ca0613908d9a41741cfcf2228f4ad853b697d/pluggy-1.5.0-py3-none-any.whl", hash = "sha256:44e1ad92c8ca002de6377e165f3e0f1be63266ab4d554740532335b9d75ea669", size = 20556 },
]

[[package]]
name = "pyright"
version = "1.1.386"
source = { registry = "https://pypi.org/simple" }
dependencies = [
    { name = "nodeenv" },
    { name = "typing-extensions" },
]
sdist = { url = "https://files.pythonhosted.org/packages/92/50/1a57054b5585fa72a93a6244c1b4b5639f8f7a1cc60b2e807cc67da8f0bc/pyright-1.1.386.tar.gz", hash = "sha256:8e9975e34948ba5f8e07792a9c9d2bdceb2c6c0b61742b068d2229ca2bc4a9d9", size = 21949 }
wheels = [
    { url = "https://files.pythonhosted.org/packages/cc/68/47fd6b3ffa27c99d7e0c866c618f07784b8806712059049daa492ca7e526/pyright-1.1.386-py3-none-any.whl", hash = "sha256:7071ac495593b2258ccdbbf495f1a5c0e5f27951f6b429bed4e8b296eb5cd21d", size = 18577 },
]

[[package]]
name = "pytest"
version = "8.3.3"
source = { registry = "https://pypi.org/simple" }
dependencies = [
    { name = "colorama", marker = "sys_platform == 'win32'" },
    { name = "iniconfig" },
    { name = "packaging" },
    { name = "pluggy" },
]
sdist = { url = "https://files.pythonhosted.org/packages/8b/6c/62bbd536103af674e227c41a8f3dcd022d591f6eed5facb5a0f31ee33bbc/pytest-8.3.3.tar.gz", hash = "sha256:70b98107bd648308a7952b06e6ca9a50bc660be218d53c257cc1fc94fda10181", size = 1442487 }
wheels = [
    { url = "https://files.pythonhosted.org/packages/6b/77/7440a06a8ead44c7757a64362dd22df5760f9b12dc5f11b6188cd2fc27a0/pytest-8.3.3-py3-none-any.whl", hash = "sha256:a6853c7375b2663155079443d2e45de913a911a11d669df02a50814944db57b2", size = 342341 },
]

[[package]]
name = "pytest-rerunfailures"
version = "14.0"
source = { registry = "https://pypi.org/simple" }
dependencies = [
    { name = "packaging" },
    { name = "pytest" },
]
sdist = { url = "https://files.pythonhosted.org/packages/cc/a4/6de45fe850759e94aa9a55cda807c76245af1941047294df26c851dfb4a9/pytest-rerunfailures-14.0.tar.gz", hash = "sha256:4a400bcbcd3c7a4ad151ab8afac123d90eca3abe27f98725dc4d9702887d2e92", size = 21350 }
wheels = [
    { url = "https://files.pythonhosted.org/packages/dc/e7/e75bd157331aecc190f5f8950d7ea3d2cf56c3c57fb44da70e60b221133f/pytest_rerunfailures-14.0-py3-none-any.whl", hash = "sha256:4197bdd2eaeffdbf50b5ea6e7236f47ff0e44d1def8dae08e409f536d84e7b32", size = 12709 },
]

[[package]]
name = "ruff"
version = "0.7.1"
source = { registry = "https://pypi.org/simple" }
sdist = { url = "https://files.pythonhosted.org/packages/a6/21/5c6e05e0fd3fbb41be4fb92edbc9a04de70baf60adb61435ce0c6b8c3d55/ruff-0.7.1.tar.gz", hash = "sha256:9d8a41d4aa2dad1575adb98a82870cf5db5f76b2938cf2206c22c940034a36f4", size = 3181670 }
wheels = [
    { url = "https://files.pythonhosted.org/packages/65/45/8a20a9920175c9c4892b2420f80ff3cf14949cf3067118e212f9acd9c908/ruff-0.7.1-py3-none-linux_armv6l.whl", hash = "sha256:cb1bc5ed9403daa7da05475d615739cc0212e861b7306f314379d958592aaa89", size = 10389268 },
    { url = "https://files.pythonhosted.org/packages/1b/d3/2f8382db2cf4f9488e938602e33e36287f9d26cb283aa31f11c31297ce79/ruff-0.7.1-py3-none-macosx_10_12_x86_64.whl", hash = "sha256:27c1c52a8d199a257ff1e5582d078eab7145129aa02721815ca8fa4f9612dc35", size = 10188348 },
    { url = "https://files.pythonhosted.org/packages/a2/31/7d14e2a88da351200f844b7be889a0845d9e797162cf76b136d21b832a23/ruff-0.7.1-py3-none-macosx_11_0_arm64.whl", hash = "sha256:588a34e1ef2ea55b4ddfec26bbe76bc866e92523d8c6cdec5e8aceefeff02d99", size = 9841448 },
    { url = "https://files.pythonhosted.org/packages/db/99/738cafdc768eceeca0bd26c6f03e213aa91203d2278e1d95b1c31c4ece41/ruff-0.7.1-py3-none-manylinux_2_17_aarch64.manylinux2014_aarch64.whl", hash = "sha256:94fc32f9cdf72dc75c451e5f072758b118ab8100727168a3df58502b43a599ca", size = 10674864 },
    { url = "https://files.pythonhosted.org/packages/fe/12/bcf2836b50eab53c65008383e7d55201e490d75167c474f14a16e1af47d2/ruff-0.7.1-py3-none-manylinux_2_17_armv7l.manylinux2014_armv7l.whl", hash = "sha256:985818742b833bffa543a84d1cc11b5e6871de1b4e0ac3060a59a2bae3969250", size = 10192105 },
    { url = "https://files.pythonhosted.org/packages/2b/71/261d5d668bf98b6c44e89bfb5dfa4cb8cb6c8b490a201a3d8030e136ea4f/ruff-0.7.1-py3-none-manylinux_2_17_i686.manylinux2014_i686.whl", hash = "sha256:32f1e8a192e261366c702c5fb2ece9f68d26625f198a25c408861c16dc2dea9c", size = 11194144 },
    { url = "https://files.pythonhosted.org/packages/90/1f/0926d18a3b566fa6e7b3b36093088e4ffef6b6ba4ea85a462d9a93f7e35c/ruff-0.7.1-py3-none-manylinux_2_17_ppc64.manylinux2014_ppc64.whl", hash = "sha256:699085bf05819588551b11751eff33e9ca58b1b86a6843e1b082a7de40da1565", size = 11917066 },
    { url = "https://files.pythonhosted.org/packages/cd/a8/9fac41f128b6a44ab4409c1493430b4ee4b11521e8aeeca19bfe1ce851f9/ruff-0.7.1-py3-none-manylinux_2_17_ppc64le.manylinux2014_ppc64le.whl", hash = "sha256:344cc2b0814047dc8c3a8ff2cd1f3d808bb23c6658db830d25147339d9bf9ea7", size = 11458821 },
    { url = "https://files.pythonhosted.org/packages/25/cd/59644168f086ab13fe4e02943b9489a0aa710171f66b178e179df5383554/ruff-0.7.1-py3-none-manylinux_2_17_s390x.manylinux2014_s390x.whl", hash = "sha256:4316bbf69d5a859cc937890c7ac7a6551252b6a01b1d2c97e8fc96e45a7c8b4a", size = 12700379 },
    { url = "https://files.pythonhosted.org/packages/fb/30/3bac63619eb97174661829c07fc46b2055a053dee72da29d7c304c1cd2c0/ruff-0.7.1-py3-none-manylinux_2_17_x86_64.manylinux2014_x86_64.whl", hash = "sha256:79d3af9dca4c56043e738a4d6dd1e9444b6d6c10598ac52d146e331eb155a8ad", size = 11019813 },
    { url = "https://files.pythonhosted.org/packages/4b/af/f567b885b5cb3bcdbcca3458ebf210cc8c9c7a9f61c332d3c2a050c3b21e/ruff-0.7.1-py3-none-musllinux_1_2_aarch64.whl", hash = "sha256:c5c121b46abde94a505175524e51891f829414e093cd8326d6e741ecfc0a9112", size = 10662146 },
    { url = "https://files.pythonhosted.org/packages/bc/ad/eb930d3ad117a9f2f7261969c21559ebd82bb13b6e8001c7caed0d44be5f/ruff-0.7.1-py3-none-musllinux_1_2_armv7l.whl", hash = "sha256:8422104078324ea250886954e48f1373a8fe7de59283d747c3a7eca050b4e378", size = 10256911 },
    { url = "https://files.pythonhosted.org/packages/20/d5/af292ce70a016fcec792105ca67f768b403dd480a11888bc1f418fed0dd5/ruff-0.7.1-py3-none-musllinux_1_2_i686.whl", hash = "sha256:56aad830af8a9db644e80098fe4984a948e2b6fc2e73891538f43bbe478461b8", size = 10767488 },
    { url = "https://files.pythonhosted.org/packages/24/85/cc04a3bd027f433bebd2a097e63b3167653c079f7f13d8f9a1178e693412/ruff-0.7.1-py3-none-musllinux_1_2_x86_64.whl", hash = "sha256:658304f02f68d3a83c998ad8bf91f9b4f53e93e5412b8f2388359d55869727fd", size = 11093368 },
    { url = "https://files.pythonhosted.org/packages/0b/fb/c39cbf32d1f3e318674b8622f989417231794926b573f76dd4d0ca49f0f1/ruff-0.7.1-py3-none-win32.whl", hash = "sha256:b517a2011333eb7ce2d402652ecaa0ac1a30c114fbbd55c6b8ee466a7f600ee9", size = 8594180 },
    { url = "https://files.pythonhosted.org/packages/5a/71/ec8cdea34ecb90c830ca60d54ac7b509a7b5eab50fae27e001d4470fe813/ruff-0.7.1-py3-none-win_amd64.whl", hash = "sha256:f38c41fcde1728736b4eb2b18850f6d1e3eedd9678c914dede554a70d5241307", size = 9419751 },
    { url = "https://files.pythonhosted.org/packages/79/7b/884553415e9f0a9bf358ed52fb68b934e67ef6c5a62397ace924a1afdf9a/ruff-0.7.1-py3-none-win_arm64.whl", hash = "sha256:19aa200ec824c0f36d0c9114c8ec0087082021732979a359d6f3c390a6ff2a37", size = 8717402 },
]

[[package]]
name = "sniffio"
version = "1.3.1"
source = { registry = "https://pypi.org/simple" }
sdist = { url = "https://files.pythonhosted.org/packages/a2/87/a6771e1546d97e7e041b6ae58d80074f81b7d5121207425c964ddf5cfdbd/sniffio-1.3.1.tar.gz", hash = "sha256:f4324edc670a0f49750a81b895f35c3adb843cca46f0530f79fc1babb23789dc", size = 20372 }
wheels = [
    { url = "https://files.pythonhosted.org/packages/e9/44/75a9c9421471a6c4805dbf2356f7c181a29c1879239abab1ea2cc8f38b40/sniffio-1.3.1-py3-none-any.whl", hash = "sha256:2f6da418d1f1e0fddd844478f41680e794e6051915791a034ff65e5f100525a2", size = 10235 },
]

[[package]]
name = "tomli"
version = "2.0.2"
source = { registry = "https://pypi.org/simple" }
sdist = { url = "https://files.pythonhosted.org/packages/35/b9/de2a5c0144d7d75a57ff355c0c24054f965b2dc3036456ae03a51ea6264b/tomli-2.0.2.tar.gz", hash = "sha256:d46d457a85337051c36524bc5349dd91b1877838e2979ac5ced3e710ed8a60ed", size = 16096 }
wheels = [
    { url = "https://files.pythonhosted.org/packages/cf/db/ce8eda256fa131af12e0a76d481711abe4681b6923c27efb9a255c9e4594/tomli-2.0.2-py3-none-any.whl", hash = "sha256:2ebe24485c53d303f690b0ec092806a085f07af5a5aa1464f3931eec36caaa38", size = 13237 },
]

[[package]]
name = "typing-extensions"
version = "4.12.2"
source = { registry = "https://pypi.org/simple" }
sdist = { url = "https://files.pythonhosted.org/packages/df/db/f35a00659bc03fec321ba8bce9420de607a1d37f8342eee1863174c69557/typing_extensions-4.12.2.tar.gz", hash = "sha256:1a7ead55c7e559dd4dee8856e3a88b41225abfe1ce8df57b7c13915fe121ffb8", size = 85321 }
wheels = [
    { url = "https://files.pythonhosted.org/packages/26/9f/ad63fc0248c5379346306f8668cda6e2e2e9c95e01216d2b8ffd9ff037d0/typing_extensions-4.12.2-py3-none-any.whl", hash = "sha256:04e5ca0351e0f3f85c6853954072df659d0d13fac324d0072316b67d7794700d", size = 37438 },
]

[[package]]
name = "watchfiles"
version = "0.24.0"
source = { registry = "https://pypi.org/simple" }
dependencies = [
    { name = "anyio" },
]
sdist = { url = "https://files.pythonhosted.org/packages/c8/27/2ba23c8cc85796e2d41976439b08d52f691655fdb9401362099502d1f0cf/watchfiles-0.24.0.tar.gz", hash = "sha256:afb72325b74fa7a428c009c1b8be4b4d7c2afedafb2982827ef2156646df2fe1", size = 37870 }
wheels = [
    { url = "https://files.pythonhosted.org/packages/35/82/92a7bb6dc82d183e304a5f84ae5437b59ee72d48cee805a9adda2488b237/watchfiles-0.24.0-cp312-cp312-macosx_10_12_x86_64.whl", hash = "sha256:7211b463695d1e995ca3feb38b69227e46dbd03947172585ecb0588f19b0d87a", size = 374137 },
    { url = "https://files.pythonhosted.org/packages/87/91/49e9a497ddaf4da5e3802d51ed67ff33024597c28f652b8ab1e7c0f5718b/watchfiles-0.24.0-cp312-cp312-macosx_11_0_arm64.whl", hash = "sha256:4b8693502d1967b00f2fb82fc1e744df128ba22f530e15b763c8d82baee15370", size = 367733 },
    { url = "https://files.pythonhosted.org/packages/0d/d8/90eb950ab4998effea2df4cf3a705dc594f6bc501c5a353073aa990be965/watchfiles-0.24.0-cp312-cp312-manylinux_2_17_aarch64.manylinux2014_aarch64.whl", hash = "sha256:cdab9555053399318b953a1fe1f586e945bc8d635ce9d05e617fd9fe3a4687d6", size = 437322 },
    { url = "https://files.pythonhosted.org/packages/6c/a2/300b22e7bc2a222dd91fce121cefa7b49aa0d26a627b2777e7bdfcf1110b/watchfiles-0.24.0-cp312-cp312-manylinux_2_17_armv7l.manylinux2014_armv7l.whl", hash = "sha256:34e19e56d68b0dad5cff62273107cf5d9fbaf9d75c46277aa5d803b3ef8a9e9b", size = 433409 },
    { url = "https://files.pythonhosted.org/packages/99/44/27d7708a43538ed6c26708bcccdde757da8b7efb93f4871d4cc39cffa1cc/watchfiles-0.24.0-cp312-cp312-manylinux_2_17_i686.manylinux2014_i686.whl", hash = "sha256:41face41f036fee09eba33a5b53a73e9a43d5cb2c53dad8e61fa6c9f91b5a51e", size = 452142 },
    { url = "https://files.pythonhosted.org/packages/b0/ec/c4e04f755be003129a2c5f3520d2c47026f00da5ecb9ef1e4f9449637571/watchfiles-0.24.0-cp312-cp312-manylinux_2_17_ppc64le.manylinux2014_ppc64le.whl", hash = "sha256:5148c2f1ea043db13ce9b0c28456e18ecc8f14f41325aa624314095b6aa2e9ea", size = 469414 },
    { url = "https://files.pythonhosted.org/packages/c5/4e/cdd7de3e7ac6432b0abf282ec4c1a1a2ec62dfe423cf269b86861667752d/watchfiles-0.24.0-cp312-cp312-manylinux_2_17_s390x.manylinux2014_s390x.whl", hash = "sha256:7e4bd963a935aaf40b625c2499f3f4f6bbd0c3776f6d3bc7c853d04824ff1c9f", size = 472962 },
    { url = "https://files.pythonhosted.org/packages/27/69/e1da9d34da7fc59db358424f5d89a56aaafe09f6961b64e36457a80a7194/watchfiles-0.24.0-cp312-cp312-manylinux_2_17_x86_64.manylinux2014_x86_64.whl", hash = "sha256:c79d7719d027b7a42817c5d96461a99b6a49979c143839fc37aa5748c322f234", size = 425705 },
    { url = "https://files.pythonhosted.org/packages/e8/c1/24d0f7357be89be4a43e0a656259676ea3d7a074901f47022f32e2957798/watchfiles-0.24.0-cp312-cp312-musllinux_1_1_aarch64.whl", hash = "sha256:32aa53a9a63b7f01ed32e316e354e81e9da0e6267435c7243bf8ae0f10b428ef", size = 612851 },
    { url = "https://files.pythonhosted.org/packages/c7/af/175ba9b268dec56f821639c9893b506c69fd999fe6a2e2c51de420eb2f01/watchfiles-0.24.0-cp312-cp312-musllinux_1_1_x86_64.whl", hash = "sha256:ce72dba6a20e39a0c628258b5c308779b8697f7676c254a845715e2a1039b968", size = 594868 },
    { url = "https://files.pythonhosted.org/packages/44/81/1f701323a9f70805bc81c74c990137123344a80ea23ab9504a99492907f8/watchfiles-0.24.0-cp312-none-win32.whl", hash = "sha256:d9018153cf57fc302a2a34cb7564870b859ed9a732d16b41a9b5cb2ebed2d444", size = 264109 },
    { url = "https://files.pythonhosted.org/packages/b4/0b/32cde5bc2ebd9f351be326837c61bdeb05ad652b793f25c91cac0b48a60b/watchfiles-0.24.0-cp312-none-win_amd64.whl", hash = "sha256:551ec3ee2a3ac9cbcf48a4ec76e42c2ef938a7e905a35b42a1267fa4b1645896", size = 277055 },
    { url = "https://files.pythonhosted.org/packages/4b/81/daade76ce33d21dbec7a15afd7479de8db786e5f7b7d249263b4ea174e08/watchfiles-0.24.0-cp312-none-win_arm64.whl", hash = "sha256:b52a65e4ea43c6d149c5f8ddb0bef8d4a1e779b77591a458a893eb416624a418", size = 266169 },
    { url = "https://files.pythonhosted.org/packages/30/dc/6e9f5447ae14f645532468a84323a942996d74d5e817837a5c8ce9d16c69/watchfiles-0.24.0-cp313-cp313-macosx_10_12_x86_64.whl", hash = "sha256:3d2e3ab79a1771c530233cadfd277fcc762656d50836c77abb2e5e72b88e3a48", size = 373764 },
    { url = "https://files.pythonhosted.org/packages/79/c0/c3a9929c372816c7fc87d8149bd722608ea58dc0986d3ef7564c79ad7112/watchfiles-0.24.0-cp313-cp313-macosx_11_0_arm64.whl", hash = "sha256:327763da824817b38ad125dcd97595f942d720d32d879f6c4ddf843e3da3fe90", size = 367873 },
    { url = "https://files.pythonhosted.org/packages/2e/11/ff9a4445a7cfc1c98caf99042df38964af12eed47d496dd5d0d90417349f/watchfiles-0.24.0-cp313-cp313-manylinux_2_17_aarch64.manylinux2014_aarch64.whl", hash = "sha256:bd82010f8ab451dabe36054a1622870166a67cf3fce894f68895db6f74bbdc94", size = 438381 },
    { url = "https://files.pythonhosted.org/packages/48/a3/763ba18c98211d7bb6c0f417b2d7946d346cdc359d585cc28a17b48e964b/watchfiles-0.24.0-cp313-cp313-manylinux_2_17_armv7l.manylinux2014_armv7l.whl", hash = "sha256:d64ba08db72e5dfd5c33be1e1e687d5e4fcce09219e8aee893a4862034081d4e", size = 432809 },
    { url = "https://files.pythonhosted.org/packages/30/4c/616c111b9d40eea2547489abaf4ffc84511e86888a166d3a4522c2ba44b5/watchfiles-0.24.0-cp313-cp313-manylinux_2_17_i686.manylinux2014_i686.whl", hash = "sha256:1cf1f6dd7825053f3d98f6d33f6464ebdd9ee95acd74ba2c34e183086900a827", size = 451801 },
    { url = "https://files.pythonhosted.org/packages/b6/be/d7da83307863a422abbfeb12903a76e43200c90ebe5d6afd6a59d158edea/watchfiles-0.24.0-cp313-cp313-manylinux_2_17_ppc64le.manylinux2014_ppc64le.whl", hash = "sha256:43e3e37c15a8b6fe00c1bce2473cfa8eb3484bbeecf3aefbf259227e487a03df", size = 468886 },
    { url = "https://files.pythonhosted.org/packages/1d/d3/3dfe131ee59d5e90b932cf56aba5c996309d94dafe3d02d204364c23461c/watchfiles-0.24.0-cp313-cp313-manylinux_2_17_s390x.manylinux2014_s390x.whl", hash = "sha256:88bcd4d0fe1d8ff43675360a72def210ebad3f3f72cabfeac08d825d2639b4ab", size = 472973 },
    { url = "https://files.pythonhosted.org/packages/42/6c/279288cc5653a289290d183b60a6d80e05f439d5bfdfaf2d113738d0f932/watchfiles-0.24.0-cp313-cp313-manylinux_2_17_x86_64.manylinux2014_x86_64.whl", hash = "sha256:999928c6434372fde16c8f27143d3e97201160b48a614071261701615a2a156f", size = 425282 },
    { url = "https://files.pythonhosted.org/packages/d6/d7/58afe5e85217e845edf26d8780c2d2d2ae77675eeb8d1b8b8121d799ce52/watchfiles-0.24.0-cp313-cp313-musllinux_1_1_aarch64.whl", hash = "sha256:30bbd525c3262fd9f4b1865cb8d88e21161366561cd7c9e1194819e0a33ea86b", size = 612540 },
    { url = "https://files.pythonhosted.org/packages/6d/d5/b96eeb9fe3fda137200dd2f31553670cbc731b1e13164fd69b49870b76ec/watchfiles-0.24.0-cp313-cp313-musllinux_1_1_x86_64.whl", hash = "sha256:edf71b01dec9f766fb285b73930f95f730bb0943500ba0566ae234b5c1618c18", size = 593625 },
    { url = "https://files.pythonhosted.org/packages/c1/e5/c326fe52ee0054107267608d8cea275e80be4455b6079491dfd9da29f46f/watchfiles-0.24.0-cp313-none-win32.whl", hash = "sha256:f4c96283fca3ee09fb044f02156d9570d156698bc3734252175a38f0e8975f07", size = 263899 },
    { url = "https://files.pythonhosted.org/packages/a6/8b/8a7755c5e7221bb35fe4af2dc44db9174f90ebf0344fd5e9b1e8b42d381e/watchfiles-0.24.0-cp313-none-win_amd64.whl", hash = "sha256:a974231b4fdd1bb7f62064a0565a6b107d27d21d9acb50c484d2cdba515b9366", size = 276622 },
]

[[package]]
name = "watchfs"
version = "0.1.3"
source = { editable = "." }
dependencies = [
    { name = "aiofiles" },
    { name = "colored" },
    { name = "typing-extensions" },
    { name = "watchfiles" },
]

[package.dependency-groups]
dev = [
    { name = "pyright" },
    { name = "pytest" },
    { name = "pytest-rerunfailures" },
    { name = "ruff" },
    { name = "tomli" },
]

[package.metadata]
requires-dist = [
    { name = "aiofiles", specifier = ">=24.1.0" },
    { name = "colored", specifier = ">=2.2.4" },
    { name = "typing-extensions", specifier = ">=4.12.2" },
    { name = "watchfiles", specifier = ">=0.24.0" },
]

[package.metadata.dependency-groups]
dev = [
    { name = "pyright", specifier = ">=1.1.386" },
    { name = "pytest", specifier = ">=8.3.3" },
    { name = "pytest-rerunfailures", specifier = ">=14.0" },
    { name = "ruff", specifier = ">=0.7.1" },
    { name = "tomli", specifier = ">=2.0.2" },
]
